// !$*UTF8*$!
{
	archiveVersion = 1;
	classes = {
	};
	objectVersion = 46;
	objects = {

/* Begin PBXBuildFile section */
		17A1932C1E9E15900020F491 /* UserNotifications.framework in Frameworks */ = {isa = PBXBuildFile; fileRef = 17A1932B1E9E15900020F491 /* UserNotifications.framework */; };
		17A193391E9E17F40020F491 /* UMessageViewController.m in Sources */ = {isa = PBXBuildFile; fileRef = 17A193371E9E17F40020F491 /* UMessageViewController.m */; };
		17A1933A1E9E17F40020F491 /* UMessageViewController.xib in Resources */ = {isa = PBXBuildFile; fileRef = 17A193381E9E17F40020F491 /* UMessageViewController.xib */; };
		17F594E81E9E12AC0022E78B /* access@2x.png in Resources */ = {isa = PBXBuildFile; fileRef = 17F594CD1E9E12AC0022E78B /* access@2x.png */; };
		17F594E91E9E12AC0022E78B /* auth_icon@2x.png in Resources */ = {isa = PBXBuildFile; fileRef = 17F594CE1E9E12AC0022E78B /* auth_icon@2x.png */; };
		17F594EA1E9E12AC0022E78B /* share_icon@2x.png in Resources */ = {isa = PBXBuildFile; fileRef = 17F594CF1E9E12AC0022E78B /* share_icon@2x.png */; };
		17F594EB1E9E12AC0022E78B /* icon.png in Resources */ = {isa = PBXBuildFile; fileRef = 17F594D11E9E12AC0022E78B /* icon.png */; };
		17F594EC1E9E12AD0022E78B /* icon_circle.png in Resources */ = {isa = PBXBuildFile; fileRef = 17F594D21E9E12AC0022E78B /* icon_circle.png */; };
		17F594ED1E9E12AD0022E78B /* logo.png in Resources */ = {isa = PBXBuildFile; fileRef = 17F594D31E9E12AC0022E78B /* logo.png */; };
		17F594EE1E9E12AD0022E78B /* res6.gif in Resources */ = {isa = PBXBuildFile; fileRef = 17F594D41E9E12AC0022E78B /* res6.gif */; };
		17F594EF1E9E12AD0022E78B /* umengFile.txt in Resources */ = {isa = PBXBuildFile; fileRef = 17F594D51E9E12AC0022E78B /* umengFile.txt */; };
		17F594F01E9E12AD0022E78B /* update.txt in Resources */ = {isa = PBXBuildFile; fileRef = 17F594D61E9E12AC0022E78B /* update.txt */; };
		17F594F11E9E12AD0022E78B /* userinfo_icon@2x.png in Resources */ = {isa = PBXBuildFile; fileRef = 17F594D71E9E12AC0022E78B /* userinfo_icon@2x.png */; };
		17F594F21E9E12AD0022E78B /* versionstatus_icon@2x.png in Resources */ = {isa = PBXBuildFile; fileRef = 17F594D81E9E12AC0022E78B /* versionstatus_icon@2x.png */; };
		17F594F31E9E12AD0022E78B /* UMSocialSwiftInterface.swift in Sources */ = {isa = PBXBuildFile; fileRef = 17F594DB1E9E12AC0022E78B /* UMSocialSwiftInterface.swift */; };
		17F594F41E9E12AD0022E78B /* UMSAuthDetailViewController.m in Sources */ = {isa = PBXBuildFile; fileRef = 17F594DD1E9E12AC0022E78B /* UMSAuthDetailViewController.m */; };
		17F594F51E9E12AD0022E78B /* UMSBaseViewController.m in Sources */ = {isa = PBXBuildFile; fileRef = 17F594DF1E9E12AC0022E78B /* UMSBaseViewController.m */; };
		17F594F61E9E12AD0022E78B /* UMShareTypeViewController.m in Sources */ = {isa = PBXBuildFile; fileRef = 17F594E11E9E12AC0022E78B /* UMShareTypeViewController.m */; };
		17F594F71E9E12AD0022E78B /* UMShareViewController.m in Sources */ = {isa = PBXBuildFile; fileRef = 17F594E31E9E12AC0022E78B /* UMShareViewController.m */; };
		17F594F81E9E12AD0022E78B /* UMSPlatformListViewController.m in Sources */ = {isa = PBXBuildFile; fileRef = 17F594E51E9E12AC0022E78B /* UMSPlatformListViewController.m */; };
		17F594F91E9E12AD0022E78B /* UMSRootViewController.m in Sources */ = {isa = PBXBuildFile; fileRef = 17F594E71E9E12AC0022E78B /* UMSRootViewController.m */; };
		17F5CE411EA4C23000FF13AC /* UMPush.framework in Frameworks */ = {isa = PBXBuildFile; fileRef = 17F5CE401EA4C23000FF13AC /* UMPush.framework */; };
		6369E7BA1EFCEF1000F99460 /* libAPOpenSdk.a in Frameworks */ = {isa = PBXBuildFile; fileRef = 6369E7121EFCEF1000F99460 /* libAPOpenSdk.a */; };
		6369E7BB1EFCEF1000F99460 /* libSocialAlipayShare.a in Frameworks */ = {isa = PBXBuildFile; fileRef = 6369E7131EFCEF1000F99460 /* libSocialAlipayShare.a */; };
		6369E7BC1EFCEF1000F99460 /* DTShareKit.framework in Frameworks */ = {isa = PBXBuildFile; fileRef = 6369E7161EFCEF1000F99460 /* DTShareKit.framework */; };
		6369E7BD1EFCEF1000F99460 /* libSocialDingDing.a in Frameworks */ = {isa = PBXBuildFile; fileRef = 6369E7171EFCEF1000F99460 /* libSocialDingDing.a */; };
		6369E7BE1EFCEF1000F99460 /* libSocialDouban.a in Frameworks */ = {isa = PBXBuildFile; fileRef = 6369E71A1EFCEF1000F99460 /* libSocialDouban.a */; };
		6369E7BF1EFCEF1000F99460 /* libSocialDropBox.a in Frameworks */ = {isa = PBXBuildFile; fileRef = 6369E71D1EFCEF1000F99460 /* libSocialDropBox.a */; };
		6369E7C01EFCEF1000F99460 /* libSocialEmail.a in Frameworks */ = {isa = PBXBuildFile; fileRef = 6369E7201EFCEF1000F99460 /* libSocialEmail.a */; };
		6369E7C11EFCEF1000F99460 /* libSocialEverNote.a in Frameworks */ = {isa = PBXBuildFile; fileRef = 6369E7231EFCEF1000F99460 /* libSocialEverNote.a */; };
		6369E7C21EFCEF1000F99460 /* Bolts.framework in Frameworks */ = {isa = PBXBuildFile; fileRef = 6369E7261EFCEF1000F99460 /* Bolts.framework */; };
		6369E7C31EFCEF1000F99460 /* FBSDKCoreKit.framework in Frameworks */ = {isa = PBXBuildFile; fileRef = 6369E7281EFCEF1000F99460 /* FBSDKCoreKit.framework */; };
		6369E7C41EFCEF1000F99460 /* FBSDKLoginKit.framework in Frameworks */ = {isa = PBXBuildFile; fileRef = 6369E7291EFCEF1000F99460 /* FBSDKLoginKit.framework */; };
		6369E7C51EFCEF1000F99460 /* FBSDKMessengerShareKit.framework in Frameworks */ = {isa = PBXBuildFile; fileRef = 6369E72A1EFCEF1000F99460 /* FBSDKMessengerShareKit.framework */; };
		6369E7C61EFCEF1000F99460 /* FBSDKShareKit.framework in Frameworks */ = {isa = PBXBuildFile; fileRef = 6369E72B1EFCEF1000F99460 /* FBSDKShareKit.framework */; };
		6369E7C71EFCEF1000F99460 /* libSocialFacebook.a in Frameworks */ = {isa = PBXBuildFile; fileRef = 6369E72C1EFCEF1000F99460 /* libSocialFacebook.a */; };
		6369E7C81EFCEF1000F99460 /* libSocialFlickr.a in Frameworks */ = {isa = PBXBuildFile; fileRef = 6369E72F1EFCEF1000F99460 /* libSocialFlickr.a */; };
		6369E7C91EFCEF1000F99460 /* libSocialGooglePlus.a in Frameworks */ = {isa = PBXBuildFile; fileRef = 6369E7321EFCEF1000F99460 /* libSocialGooglePlus.a */; };
		6369E7CA1EFCEF1000F99460 /* libSocialInstagram.a in Frameworks */ = {isa = PBXBuildFile; fileRef = 6369E7351EFCEF1000F99460 /* libSocialInstagram.a */; };
		6369E7CB1EFCEF1000F99460 /* KakaoOpenSDK.framework in Frameworks */ = {isa = PBXBuildFile; fileRef = 6369E7381EFCEF1000F99460 /* KakaoOpenSDK.framework */; };
		6369E7CC1EFCEF1000F99460 /* libSocialKakao.a in Frameworks */ = {isa = PBXBuildFile; fileRef = 6369E7391EFCEF1000F99460 /* libSocialKakao.a */; };
		6369E7CD1EFCEF1000F99460 /* libLWApiSDK.a in Frameworks */ = {isa = PBXBuildFile; fileRef = 6369E73C1EFCEF1000F99460 /* libLWApiSDK.a */; };
		6369E7CE1EFCEF1000F99460 /* libSocialLaiWang.a in Frameworks */ = {isa = PBXBuildFile; fileRef = 6369E73D1EFCEF1000F99460 /* libSocialLaiWang.a */; };
		6369E7CF1EFCEF1000F99460 /* libSocialLine.a in Frameworks */ = {isa = PBXBuildFile; fileRef = 6369E7491EFCEF1000F99460 /* libSocialLine.a */; };
		6369E7D01EFCEF1000F99460 /* libSocialLinkedin.a in Frameworks */ = {isa = PBXBuildFile; fileRef = 6369E74C1EFCEF1000F99460 /* libSocialLinkedin.a */; };
		6369E7D11EFCEF1000F99460 /* linkedin-sdk.framework in Frameworks */ = {isa = PBXBuildFile; fileRef = 6369E74D1EFCEF1000F99460 /* linkedin-sdk.framework */; };
		6369E7D21EFCEF1000F99460 /* libSocialPinterest.a in Frameworks */ = {isa = PBXBuildFile; fileRef = 6369E7501EFCEF1000F99460 /* libSocialPinterest.a */; };
		6369E7D31EFCEF1000F99460 /* libSocialPocket.a in Frameworks */ = {isa = PBXBuildFile; fileRef = 6369E7531EFCEF1000F99460 /* libSocialPocket.a */; };
		6369E7D41EFCEF1000F99460 /* libSocialQQ.a in Frameworks */ = {isa = PBXBuildFile; fileRef = 6369E7561EFCEF1000F99460 /* libSocialQQ.a */; };
		6369E7D51EFCEF1000F99460 /* libSocialRenren.a in Frameworks */ = {isa = PBXBuildFile; fileRef = 6369E7591EFCEF1000F99460 /* libSocialRenren.a */; };
		6369E7D61EFCEF1000F99460 /* libSocialSina.a in Frameworks */ = {isa = PBXBuildFile; fileRef = 6369E75C1EFCEF1000F99460 /* libSocialSina.a */; };
		6369E7D71EFCEF1000F99460 /* libSocialSMS.a in Frameworks */ = {isa = PBXBuildFile; fileRef = 6369E75F1EFCEF1000F99460 /* libSocialSMS.a */; };
		6369E7D81EFCEF1000F99460 /* libSocialTencentWeibo.a in Frameworks */ = {isa = PBXBuildFile; fileRef = 6369E7621EFCEF1000F99460 /* libSocialTencentWeibo.a */; };
		6369E7D91EFCEF1000F99460 /* libSocialTumblr.a in Frameworks */ = {isa = PBXBuildFile; fileRef = 6369E7651EFCEF1000F99460 /* libSocialTumblr.a */; };
		6369E7DA1EFCEF1000F99460 /* Fabric.framework in Frameworks */ = {isa = PBXBuildFile; fileRef = 6369E7681EFCEF1000F99460 /* Fabric.framework */; };
		6369E7DB1EFCEF1000F99460 /* libSocialTwitter.a in Frameworks */ = {isa = PBXBuildFile; fileRef = 6369E7691EFCEF1000F99460 /* libSocialTwitter.a */; };
		6369E7DC1EFCEF1000F99460 /* TwitterCore.framework in Frameworks */ = {isa = PBXBuildFile; fileRef = 6369E76A1EFCEF1000F99460 /* TwitterCore.framework */; };
		6369E7DD1EFCEF1000F99460 /* TwitterKit.framework in Frameworks */ = {isa = PBXBuildFile; fileRef = 6369E76B1EFCEF1000F99460 /* TwitterKit.framework */; };
		6369E7DE1EFCEF1000F99460 /* libSocialVKontakte.a in Frameworks */ = {isa = PBXBuildFile; fileRef = 6369E76E1EFCEF1000F99460 /* libSocialVKontakte.a */; };
		6369E7DF1EFCEF1000F99460 /* libVKSdk.a in Frameworks */ = {isa = PBXBuildFile; fileRef = 6369E76F1EFCEF1000F99460 /* libVKSdk.a */; };
		6369E7E01EFCEF1000F99460 /* VKSdkResources.bundle in Resources */ = {isa = PBXBuildFile; fileRef = 6369E7981EFCEF1000F99460 /* VKSdkResources.bundle */; };
		6369E7E11EFCEF1000F99460 /* libSocialWeChat.a in Frameworks */ = {isa = PBXBuildFile; fileRef = 6369E7A41EFCEF1000F99460 /* libSocialWeChat.a */; };
		6369E7E21EFCEF1000F99460 /* libSocialWhatsApp.a in Frameworks */ = {isa = PBXBuildFile; fileRef = 6369E7A71EFCEF1000F99460 /* libSocialWhatsApp.a */; };
		6369E7E31EFCEF1000F99460 /* libSocialYiXin.a in Frameworks */ = {isa = PBXBuildFile; fileRef = 6369E7AA1EFCEF1000F99460 /* libSocialYiXin.a */; };
		6369E7E41EFCEF1000F99460 /* libYixinSDK.a in Frameworks */ = {isa = PBXBuildFile; fileRef = 6369E7AB1EFCEF1000F99460 /* libYixinSDK.a */; };
		6369E7E51EFCEF1000F99460 /* libSocialYouDao.a in Frameworks */ = {isa = PBXBuildFile; fileRef = 6369E7B01EFCEF1000F99460 /* libSocialYouDao.a */; };
		6369E7E61EFCEF1000F99460 /* UMShare.framework in Frameworks */ = {isa = PBXBuildFile; fileRef = 6369E7B21EFCEF1000F99460 /* UMShare.framework */; };
		6369E7E71EFCEF1000F99460 /* libUMSocialCloudShare.a in Frameworks */ = {isa = PBXBuildFile; fileRef = 6369E7B41EFCEF1000F99460 /* libUMSocialCloudShare.a */; };
		6369E7E81EFCEF1000F99460 /* libUMSocialLog.a in Frameworks */ = {isa = PBXBuildFile; fileRef = 6369E7B51EFCEF1000F99460 /* libUMSocialLog.a */; };
		6369E7E91EFCEF1000F99460 /* UMSocialSDKPromptResources.bundle in Resources */ = {isa = PBXBuildFile; fileRef = 6369E7B61EFCEF1000F99460 /* UMSocialSDKPromptResources.bundle */; };
		6369E7EA1EFCEF1000F99460 /* UMSocialSDKResources.bundle in Resources */ = {isa = PBXBuildFile; fileRef = 6369E7B81EFCEF1000F99460 /* UMSocialSDKResources.bundle */; };
		6369E7EB1EFCEF1000F99460 /* UShareUI.framework in Frameworks */ = {isa = PBXBuildFile; fileRef = 6369E7B91EFCEF1000F99460 /* UShareUI.framework */; };
		6369E7ED1EFCEF7400F99460 /* TwitterKitResources.bundle in Resources */ = {isa = PBXBuildFile; fileRef = 6369E7EC1EFCEF7400F99460 /* TwitterKitResources.bundle */; };
		838EA0DC1E9F9024007CEC9E /* UMAnalyticsViewController.m in Sources */ = {isa = PBXBuildFile; fileRef = 838EA0DB1E9F9024007CEC9E /* UMAnalyticsViewController.m */; };
		838EA0DF1E9F9046007CEC9E /* UMAnalyticsDplusViewController.m in Sources */ = {isa = PBXBuildFile; fileRef = 838EA0DE1E9F9046007CEC9E /* UMAnalyticsDplusViewController.m */; };
		A99F94391E70F1750034FEF7 /* SystemConfiguration.framework in Frameworks */ = {isa = PBXBuildFile; fileRef = A99F94381E70F1750034FEF7 /* SystemConfiguration.framework */; };
		A99F943D1E70F18E0034FEF7 /* libstdc++.tbd in Frameworks */ = {isa = PBXBuildFile; fileRef = A99F943C1E70F18E0034FEF7 /* libstdc++.tbd */; };
		A99F943F1E70F1A30034FEF7 /* libc++.tbd in Frameworks */ = {isa = PBXBuildFile; fileRef = A99F943E1E70F1A30034FEF7 /* libc++.tbd */; };
		A9C897E01E6EB647000DE143 /* main.m in Sources */ = {isa = PBXBuildFile; fileRef = A9C897DF1E6EB647000DE143 /* main.m */; };
		A9C897E31E6EB647000DE143 /* AppDelegate.m in Sources */ = {isa = PBXBuildFile; fileRef = A9C897E21E6EB647000DE143 /* AppDelegate.m */; };
		A9C897EE1E6EB647000DE143 /* Assets.xcassets in Resources */ = {isa = PBXBuildFile; fileRef = A9C897ED1E6EB647000DE143 /* Assets.xcassets */; };
		A9C897F11E6EB647000DE143 /* LaunchScreen.storyboard in Resources */ = {isa = PBXBuildFile; fileRef = A9C897EF1E6EB647000DE143 /* LaunchScreen.storyboard */; };
		A9C897FE1E6EC02F000DE143 /* CoreTelephony.framework in Frameworks */ = {isa = PBXBuildFile; fileRef = A9C897FD1E6EC02F000DE143 /* CoreTelephony.framework */; };
		A9C898011E6EC041000DE143 /* libsqlite3.tbd in Frameworks */ = {isa = PBXBuildFile; fileRef = A9C897FF1E6EC041000DE143 /* libsqlite3.tbd */; };
		A9C898021E6EC041000DE143 /* libz.tbd in Frameworks */ = {isa = PBXBuildFile; fileRef = A9C898001E6EC041000DE143 /* libz.tbd */; };
		E5376F451EDE5A0100798DDA /* UMShareSwiftInterface.swift in Sources */ = {isa = PBXBuildFile; fileRef = E5376F441EDE5A0100798DDA /* UMShareSwiftInterface.swift */; };
		E5376F491EDE5A4500798DDA /* UMAnalyticsSwiftInterface.swift in Sources */ = {isa = PBXBuildFile; fileRef = E5376F481EDE5A4500798DDA /* UMAnalyticsSwiftInterface.swift */; };
		E54270091EDEA12900A58E0B /* UMCommonSwiftInterface.swift in Sources */ = {isa = PBXBuildFile; fileRef = E54270081EDEA12900A58E0B /* UMCommonSwiftInterface.swift */; };
		E542700F1EDEA3B000A58E0B /* UMGameAnalyticsSwiftInterface.swift in Sources */ = {isa = PBXBuildFile; fileRef = E542700E1EDEA3B000A58E0B /* UMGameAnalyticsSwiftInterface.swift */; };
		E54270111EDEA81C00A58E0B /* UMDplusMobClickSwiftInterface.swift in Sources */ = {isa = PBXBuildFile; fileRef = E54270101EDEA81C00A58E0B /* UMDplusMobClickSwiftInterface.swift */; };
		E54270131EDEAC2500A58E0B /* UMessageSwiftInterface.swift in Sources */ = {isa = PBXBuildFile; fileRef = E54270121EDEAC2500A58E0B /* UMessageSwiftInterface.swift */; };
		E59607DD1E9DC02500C9813C /* UMAnalytics.framework in Frameworks */ = {isa = PBXBuildFile; fileRef = E596072A1E9DC02500C9813C /* UMAnalytics.framework */; };
		E59607DE1E9DC02500C9813C /* UMCommon.framework in Frameworks */ = {isa = PBXBuildFile; fileRef = E596072B1E9DC02500C9813C /* UMCommon.framework */; };
		E5DCD9D91E9F7D3E00AE5E36 /* CoreGraphics.framework in Frameworks */ = {isa = PBXBuildFile; fileRef = E5DCD9D81E9F7D3E00AE5E36 /* CoreGraphics.framework */; };
		E5DCD9DB1E9F7D4800AE5E36 /* QuartzCore.framework in Frameworks */ = {isa = PBXBuildFile; fileRef = E5DCD9DA1E9F7D4800AE5E36 /* QuartzCore.framework */; };
		E5DCD9DD1E9F7D8D00AE5E36 /* ImageIO.framework in Frameworks */ = {isa = PBXBuildFile; fileRef = E5DCD9DC1E9F7D8D00AE5E36 /* ImageIO.framework */; };
		E5DCD9DF1E9F7DAD00AE5E36 /* CoreData.framework in Frameworks */ = {isa = PBXBuildFile; fileRef = E5DCD9DE1E9F7DAD00AE5E36 /* CoreData.framework */; };
		E5DCD9E11E9F7DBF00AE5E36 /* MessageUI.framework in Frameworks */ = {isa = PBXBuildFile; fileRef = E5DCD9E01E9F7DBF00AE5E36 /* MessageUI.framework */; };
/* End PBXBuildFile section */

/* Begin PBXFileReference section */
		1700DB011E9E14B300E9AF25 /* UMengDemo.entitlements */ = {isa = PBXFileReference; lastKnownFileType = text.plist.entitlements; path = UMengDemo.entitlements; sourceTree = "<group>"; };
		17A1932B1E9E15900020F491 /* UserNotifications.framework */ = {isa = PBXFileReference; lastKnownFileType = wrapper.framework; name = UserNotifications.framework; path = System/Library/Frameworks/UserNotifications.framework; sourceTree = SDKROOT; };
		17A193361E9E17F40020F491 /* UMessageViewController.h */ = {isa = PBXFileReference; fileEncoding = 4; lastKnownFileType = sourcecode.c.h; path = UMessageViewController.h; sourceTree = "<group>"; };
		17A193371E9E17F40020F491 /* UMessageViewController.m */ = {isa = PBXFileReference; fileEncoding = 4; lastKnownFileType = sourcecode.c.objc; path = UMessageViewController.m; sourceTree = "<group>"; };
		17A193381E9E17F40020F491 /* UMessageViewController.xib */ = {isa = PBXFileReference; fileEncoding = 4; lastKnownFileType = file.xib; path = UMessageViewController.xib; sourceTree = "<group>"; };
		17F594CD1E9E12AC0022E78B /* access@2x.png */ = {isa = PBXFileReference; lastKnownFileType = image.png; path = "access@2x.png"; sourceTree = "<group>"; };
		17F594CE1E9E12AC0022E78B /* auth_icon@2x.png */ = {isa = PBXFileReference; lastKnownFileType = image.png; path = "auth_icon@2x.png"; sourceTree = "<group>"; };
		17F594CF1E9E12AC0022E78B /* share_icon@2x.png */ = {isa = PBXFileReference; lastKnownFileType = image.png; path = "share_icon@2x.png"; sourceTree = "<group>"; };
		17F594D11E9E12AC0022E78B /* icon.png */ = {isa = PBXFileReference; lastKnownFileType = image.png; path = icon.png; sourceTree = "<group>"; };
		17F594D21E9E12AC0022E78B /* icon_circle.png */ = {isa = PBXFileReference; lastKnownFileType = image.png; path = icon_circle.png; sourceTree = "<group>"; };
		17F594D31E9E12AC0022E78B /* logo.png */ = {isa = PBXFileReference; lastKnownFileType = image.png; path = logo.png; sourceTree = "<group>"; };
		17F594D41E9E12AC0022E78B /* res6.gif */ = {isa = PBXFileReference; lastKnownFileType = image.gif; path = res6.gif; sourceTree = "<group>"; };
		17F594D51E9E12AC0022E78B /* umengFile.txt */ = {isa = PBXFileReference; fileEncoding = 4; lastKnownFileType = text; path = umengFile.txt; sourceTree = "<group>"; };
		17F594D61E9E12AC0022E78B /* update.txt */ = {isa = PBXFileReference; fileEncoding = 4; lastKnownFileType = text; path = update.txt; sourceTree = "<group>"; };
		17F594D71E9E12AC0022E78B /* userinfo_icon@2x.png */ = {isa = PBXFileReference; lastKnownFileType = image.png; path = "userinfo_icon@2x.png"; sourceTree = "<group>"; };
		17F594D81E9E12AC0022E78B /* versionstatus_icon@2x.png */ = {isa = PBXFileReference; lastKnownFileType = image.png; path = "versionstatus_icon@2x.png"; sourceTree = "<group>"; };
		17F594DA1E9E12AC0022E78B /* UMSocialSDK-Bridging-Header.h */ = {isa = PBXFileReference; fileEncoding = 4; lastKnownFileType = sourcecode.c.h; path = "UMSocialSDK-Bridging-Header.h"; sourceTree = "<group>"; };
		17F594DB1E9E12AC0022E78B /* UMSocialSwiftInterface.swift */ = {isa = PBXFileReference; fileEncoding = 4; lastKnownFileType = sourcecode.swift; path = UMSocialSwiftInterface.swift; sourceTree = "<group>"; };
		17F594DC1E9E12AC0022E78B /* UMSAuthDetailViewController.h */ = {isa = PBXFileReference; fileEncoding = 4; lastKnownFileType = sourcecode.c.h; path = UMSAuthDetailViewController.h; sourceTree = "<group>"; };
		17F594DD1E9E12AC0022E78B /* UMSAuthDetailViewController.m */ = {isa = PBXFileReference; fileEncoding = 4; lastKnownFileType = sourcecode.c.objc; path = UMSAuthDetailViewController.m; sourceTree = "<group>"; };
		17F594DE1E9E12AC0022E78B /* UMSBaseViewController.h */ = {isa = PBXFileReference; fileEncoding = 4; lastKnownFileType = sourcecode.c.h; path = UMSBaseViewController.h; sourceTree = "<group>"; };
		17F594DF1E9E12AC0022E78B /* UMSBaseViewController.m */ = {isa = PBXFileReference; fileEncoding = 4; lastKnownFileType = sourcecode.c.objc; path = UMSBaseViewController.m; sourceTree = "<group>"; };
		17F594E01E9E12AC0022E78B /* UMShareTypeViewController.h */ = {isa = PBXFileReference; fileEncoding = 4; lastKnownFileType = sourcecode.c.h; path = UMShareTypeViewController.h; sourceTree = "<group>"; };
		17F594E11E9E12AC0022E78B /* UMShareTypeViewController.m */ = {isa = PBXFileReference; fileEncoding = 4; lastKnownFileType = sourcecode.c.objc; path = UMShareTypeViewController.m; sourceTree = "<group>"; };
		17F594E21E9E12AC0022E78B /* UMShareViewController.h */ = {isa = PBXFileReference; fileEncoding = 4; lastKnownFileType = sourcecode.c.h; path = UMShareViewController.h; sourceTree = "<group>"; };
		17F594E31E9E12AC0022E78B /* UMShareViewController.m */ = {isa = PBXFileReference; fileEncoding = 4; lastKnownFileType = sourcecode.c.objc; path = UMShareViewController.m; sourceTree = "<group>"; };
		17F594E41E9E12AC0022E78B /* UMSPlatformListViewController.h */ = {isa = PBXFileReference; fileEncoding = 4; lastKnownFileType = sourcecode.c.h; path = UMSPlatformListViewController.h; sourceTree = "<group>"; };
		17F594E51E9E12AC0022E78B /* UMSPlatformListViewController.m */ = {isa = PBXFileReference; fileEncoding = 4; lastKnownFileType = sourcecode.c.objc; path = UMSPlatformListViewController.m; sourceTree = "<group>"; };
		17F594E61E9E12AC0022E78B /* UMSRootViewController.h */ = {isa = PBXFileReference; fileEncoding = 4; lastKnownFileType = sourcecode.c.h; path = UMSRootViewController.h; sourceTree = "<group>"; };
		17F594E71E9E12AC0022E78B /* UMSRootViewController.m */ = {isa = PBXFileReference; fileEncoding = 4; lastKnownFileType = sourcecode.c.objc; path = UMSRootViewController.m; sourceTree = "<group>"; };
		17F5CE401EA4C23000FF13AC /* UMPush.framework */ = {isa = PBXFileReference; lastKnownFileType = wrapper.framework; path = UMPush.framework; sourceTree = "<group>"; };
		6369E7101EFCEF1000F99460 /* APOpenAPI.h */ = {isa = PBXFileReference; fileEncoding = 4; lastKnownFileType = sourcecode.c.h; path = APOpenAPI.h; sourceTree = "<group>"; };
		6369E7111EFCEF1000F99460 /* APOpenAPIObject.h */ = {isa = PBXFileReference; fileEncoding = 4; lastKnownFileType = sourcecode.c.h; path = APOpenAPIObject.h; sourceTree = "<group>"; };
		6369E7121EFCEF1000F99460 /* libAPOpenSdk.a */ = {isa = PBXFileReference; lastKnownFileType = archive.ar; path = libAPOpenSdk.a; sourceTree = "<group>"; };
		6369E7131EFCEF1000F99460 /* libSocialAlipayShare.a */ = {isa = PBXFileReference; lastKnownFileType = archive.ar; path = libSocialAlipayShare.a; sourceTree = "<group>"; };
		6369E7141EFCEF1000F99460 /* UMSocialAlipayHandler.h */ = {isa = PBXFileReference; fileEncoding = 4; lastKnownFileType = sourcecode.c.h; path = UMSocialAlipayHandler.h; sourceTree = "<group>"; };
		6369E7161EFCEF1000F99460 /* DTShareKit.framework */ = {isa = PBXFileReference; lastKnownFileType = wrapper.framework; path = DTShareKit.framework; sourceTree = "<group>"; };
		6369E7171EFCEF1000F99460 /* libSocialDingDing.a */ = {isa = PBXFileReference; lastKnownFileType = archive.ar; path = libSocialDingDing.a; sourceTree = "<group>"; };
		6369E7181EFCEF1000F99460 /* UMSocialDingDingHandler.h */ = {isa = PBXFileReference; fileEncoding = 4; lastKnownFileType = sourcecode.c.h; path = UMSocialDingDingHandler.h; sourceTree = "<group>"; };
		6369E71A1EFCEF1000F99460 /* libSocialDouban.a */ = {isa = PBXFileReference; lastKnownFileType = archive.ar; path = libSocialDouban.a; sourceTree = "<group>"; };
		6369E71B1EFCEF1000F99460 /* UMSocialDoubanHandler.h */ = {isa = PBXFileReference; fileEncoding = 4; lastKnownFileType = sourcecode.c.h; path = UMSocialDoubanHandler.h; sourceTree = "<group>"; };
		6369E71D1EFCEF1000F99460 /* libSocialDropBox.a */ = {isa = PBXFileReference; lastKnownFileType = archive.ar; path = libSocialDropBox.a; sourceTree = "<group>"; };
		6369E71E1EFCEF1000F99460 /* UMSocialDropBoxHandler.h */ = {isa = PBXFileReference; fileEncoding = 4; lastKnownFileType = sourcecode.c.h; path = UMSocialDropBoxHandler.h; sourceTree = "<group>"; };
		6369E7201EFCEF1000F99460 /* libSocialEmail.a */ = {isa = PBXFileReference; lastKnownFileType = archive.ar; path = libSocialEmail.a; sourceTree = "<group>"; };
		6369E7211EFCEF1000F99460 /* UMSocialEmailHandler.h */ = {isa = PBXFileReference; fileEncoding = 4; lastKnownFileType = sourcecode.c.h; path = UMSocialEmailHandler.h; sourceTree = "<group>"; };
		6369E7231EFCEF1000F99460 /* libSocialEverNote.a */ = {isa = PBXFileReference; lastKnownFileType = archive.ar; path = libSocialEverNote.a; sourceTree = "<group>"; };
		6369E7241EFCEF1000F99460 /* UMSocialEverNoteHandler.h */ = {isa = PBXFileReference; fileEncoding = 4; lastKnownFileType = sourcecode.c.h; path = UMSocialEverNoteHandler.h; sourceTree = "<group>"; };
		6369E7261EFCEF1000F99460 /* Bolts.framework */ = {isa = PBXFileReference; lastKnownFileType = wrapper.framework; path = Bolts.framework; sourceTree = "<group>"; };
		6369E7271EFCEF1000F99460 /* facebook_ios_sdk_Prefix.pch */ = {isa = PBXFileReference; fileEncoding = 4; lastKnownFileType = sourcecode.c.h; path = facebook_ios_sdk_Prefix.pch; sourceTree = "<group>"; };
		6369E7281EFCEF1000F99460 /* FBSDKCoreKit.framework */ = {isa = PBXFileReference; lastKnownFileType = wrapper.framework; path = FBSDKCoreKit.framework; sourceTree = "<group>"; };
		6369E7291EFCEF1000F99460 /* FBSDKLoginKit.framework */ = {isa = PBXFileReference; lastKnownFileType = wrapper.framework; path = FBSDKLoginKit.framework; sourceTree = "<group>"; };
		6369E72A1EFCEF1000F99460 /* FBSDKMessengerShareKit.framework */ = {isa = PBXFileReference; lastKnownFileType = wrapper.framework; path = FBSDKMessengerShareKit.framework; sourceTree = "<group>"; };
		6369E72B1EFCEF1000F99460 /* FBSDKShareKit.framework */ = {isa = PBXFileReference; lastKnownFileType = wrapper.framework; path = FBSDKShareKit.framework; sourceTree = "<group>"; };
		6369E72C1EFCEF1000F99460 /* libSocialFacebook.a */ = {isa = PBXFileReference; lastKnownFileType = archive.ar; path = libSocialFacebook.a; sourceTree = "<group>"; };
		6369E72D1EFCEF1000F99460 /* UMSocialFaceBookHandler.h */ = {isa = PBXFileReference; fileEncoding = 4; lastKnownFileType = sourcecode.c.h; path = UMSocialFaceBookHandler.h; sourceTree = "<group>"; };
		6369E72F1EFCEF1000F99460 /* libSocialFlickr.a */ = {isa = PBXFileReference; lastKnownFileType = archive.ar; path = libSocialFlickr.a; sourceTree = "<group>"; };
		6369E7301EFCEF1000F99460 /* UMSocialFlickrHandler.h */ = {isa = PBXFileReference; fileEncoding = 4; lastKnownFileType = sourcecode.c.h; path = UMSocialFlickrHandler.h; sourceTree = "<group>"; };
		6369E7321EFCEF1000F99460 /* libSocialGooglePlus.a */ = {isa = PBXFileReference; lastKnownFileType = archive.ar; path = libSocialGooglePlus.a; sourceTree = "<group>"; };
		6369E7331EFCEF1000F99460 /* UMSocialGooglePlusHandler.h */ = {isa = PBXFileReference; fileEncoding = 4; lastKnownFileType = sourcecode.c.h; path = UMSocialGooglePlusHandler.h; sourceTree = "<group>"; };
		6369E7351EFCEF1000F99460 /* libSocialInstagram.a */ = {isa = PBXFileReference; lastKnownFileType = archive.ar; path = libSocialInstagram.a; sourceTree = "<group>"; };
		6369E7361EFCEF1000F99460 /* UMSocialInstagramHandler.h */ = {isa = PBXFileReference; fileEncoding = 4; lastKnownFileType = sourcecode.c.h; path = UMSocialInstagramHandler.h; sourceTree = "<group>"; };
		6369E7381EFCEF1000F99460 /* KakaoOpenSDK.framework */ = {isa = PBXFileReference; lastKnownFileType = wrapper.framework; path = KakaoOpenSDK.framework; sourceTree = "<group>"; };
		6369E7391EFCEF1000F99460 /* libSocialKakao.a */ = {isa = PBXFileReference; lastKnownFileType = archive.ar; path = libSocialKakao.a; sourceTree = "<group>"; };
		6369E73A1EFCEF1000F99460 /* UMSocialKakaoHandler.h */ = {isa = PBXFileReference; fileEncoding = 4; lastKnownFileType = sourcecode.c.h; path = UMSocialKakaoHandler.h; sourceTree = "<group>"; };
		6369E73C1EFCEF1000F99460 /* libLWApiSDK.a */ = {isa = PBXFileReference; lastKnownFileType = archive.ar; path = libLWApiSDK.a; sourceTree = "<group>"; };
		6369E73D1EFCEF1000F99460 /* libSocialLaiWang.a */ = {isa = PBXFileReference; lastKnownFileType = archive.ar; path = libSocialLaiWang.a; sourceTree = "<group>"; };
		6369E73E1EFCEF1000F99460 /* LWApiConfig.h */ = {isa = PBXFileReference; fileEncoding = 4; lastKnownFileType = sourcecode.c.h; path = LWApiConfig.h; sourceTree = "<group>"; };
		6369E73F1EFCEF1000F99460 /* LWApiConnection.h */ = {isa = PBXFileReference; fileEncoding = 4; lastKnownFileType = sourcecode.c.h; path = LWApiConnection.h; sourceTree = "<group>"; };
		6369E7401EFCEF1000F99460 /* LWApiImageObject.h */ = {isa = PBXFileReference; fileEncoding = 4; lastKnownFileType = sourcecode.c.h; path = LWApiImageObject.h; sourceTree = "<group>"; };
		6369E7411EFCEF1000F99460 /* LWApiMediaObject.h */ = {isa = PBXFileReference; fileEncoding = 4; lastKnownFileType = sourcecode.c.h; path = LWApiMediaObject.h; sourceTree = "<group>"; };
		6369E7421EFCEF1000F99460 /* LWApiMessage.h */ = {isa = PBXFileReference; fileEncoding = 4; lastKnownFileType = sourcecode.c.h; path = LWApiMessage.h; sourceTree = "<group>"; };
		6369E7431EFCEF1000F99460 /* LWApiRequest.h */ = {isa = PBXFileReference; fileEncoding = 4; lastKnownFileType = sourcecode.c.h; path = LWApiRequest.h; sourceTree = "<group>"; };
		6369E7441EFCEF1000F99460 /* LWApiResponse.h */ = {isa = PBXFileReference; fileEncoding = 4; lastKnownFileType = sourcecode.c.h; path = LWApiResponse.h; sourceTree = "<group>"; };
		6369E7451EFCEF1000F99460 /* LWApiSDK.h */ = {isa = PBXFileReference; fileEncoding = 4; lastKnownFileType = sourcecode.c.h; path = LWApiSDK.h; sourceTree = "<group>"; };
		6369E7461EFCEF1000F99460 /* LWApiUtils.h */ = {isa = PBXFileReference; fileEncoding = 4; lastKnownFileType = sourcecode.c.h; path = LWApiUtils.h; sourceTree = "<group>"; };
		6369E7471EFCEF1000F99460 /* UMSocialLaiWangHandler.h */ = {isa = PBXFileReference; fileEncoding = 4; lastKnownFileType = sourcecode.c.h; path = UMSocialLaiWangHandler.h; sourceTree = "<group>"; };
		6369E7491EFCEF1000F99460 /* libSocialLine.a */ = {isa = PBXFileReference; lastKnownFileType = archive.ar; path = libSocialLine.a; sourceTree = "<group>"; };
		6369E74A1EFCEF1000F99460 /* UMSocialLinehandler.h */ = {isa = PBXFileReference; fileEncoding = 4; lastKnownFileType = sourcecode.c.h; path = UMSocialLinehandler.h; sourceTree = "<group>"; };
		6369E74C1EFCEF1000F99460 /* libSocialLinkedin.a */ = {isa = PBXFileReference; lastKnownFileType = archive.ar; path = libSocialLinkedin.a; sourceTree = "<group>"; };
		6369E74D1EFCEF1000F99460 /* linkedin-sdk.framework */ = {isa = PBXFileReference; lastKnownFileType = wrapper.framework; path = "linkedin-sdk.framework"; sourceTree = "<group>"; };
		6369E74E1EFCEF1000F99460 /* UMSocialLinkedinHandler.h */ = {isa = PBXFileReference; fileEncoding = 4; lastKnownFileType = sourcecode.c.h; path = UMSocialLinkedinHandler.h; sourceTree = "<group>"; };
		6369E7501EFCEF1000F99460 /* libSocialPinterest.a */ = {isa = PBXFileReference; lastKnownFileType = archive.ar; path = libSocialPinterest.a; sourceTree = "<group>"; };
		6369E7511EFCEF1000F99460 /* UMSocialPinterestHandler.h */ = {isa = PBXFileReference; fileEncoding = 4; lastKnownFileType = sourcecode.c.h; path = UMSocialPinterestHandler.h; sourceTree = "<group>"; };
		6369E7531EFCEF1000F99460 /* libSocialPocket.a */ = {isa = PBXFileReference; lastKnownFileType = archive.ar; path = libSocialPocket.a; sourceTree = "<group>"; };
		6369E7541EFCEF1000F99460 /* UMSocialPocketHandler.h */ = {isa = PBXFileReference; fileEncoding = 4; lastKnownFileType = sourcecode.c.h; path = UMSocialPocketHandler.h; sourceTree = "<group>"; };
		6369E7561EFCEF1000F99460 /* libSocialQQ.a */ = {isa = PBXFileReference; lastKnownFileType = archive.ar; path = libSocialQQ.a; sourceTree = "<group>"; };
		6369E7571EFCEF1000F99460 /* UMSocialQQHandler.h */ = {isa = PBXFileReference; fileEncoding = 4; lastKnownFileType = sourcecode.c.h; path = UMSocialQQHandler.h; sourceTree = "<group>"; };
		6369E7591EFCEF1000F99460 /* libSocialRenren.a */ = {isa = PBXFileReference; lastKnownFileType = archive.ar; path = libSocialRenren.a; sourceTree = "<group>"; };
		6369E75A1EFCEF1000F99460 /* UMSocialRenrenHandler.h */ = {isa = PBXFileReference; fileEncoding = 4; lastKnownFileType = sourcecode.c.h; path = UMSocialRenrenHandler.h; sourceTree = "<group>"; };
		6369E75C1EFCEF1000F99460 /* libSocialSina.a */ = {isa = PBXFileReference; lastKnownFileType = archive.ar; path = libSocialSina.a; sourceTree = "<group>"; };
		6369E75D1EFCEF1000F99460 /* UMSocialSinaHandler.h */ = {isa = PBXFileReference; fileEncoding = 4; lastKnownFileType = sourcecode.c.h; path = UMSocialSinaHandler.h; sourceTree = "<group>"; };
		6369E75F1EFCEF1000F99460 /* libSocialSMS.a */ = {isa = PBXFileReference; lastKnownFileType = archive.ar; path = libSocialSMS.a; sourceTree = "<group>"; };
		6369E7601EFCEF1000F99460 /* UMSocialSmsHandler.h */ = {isa = PBXFileReference; fileEncoding = 4; lastKnownFileType = sourcecode.c.h; path = UMSocialSmsHandler.h; sourceTree = "<group>"; };
		6369E7621EFCEF1000F99460 /* libSocialTencentWeibo.a */ = {isa = PBXFileReference; lastKnownFileType = archive.ar; path = libSocialTencentWeibo.a; sourceTree = "<group>"; };
		6369E7631EFCEF1000F99460 /* UMSocialTCWeiboHandler.h */ = {isa = PBXFileReference; fileEncoding = 4; lastKnownFileType = sourcecode.c.h; path = UMSocialTCWeiboHandler.h; sourceTree = "<group>"; };
		6369E7651EFCEF1000F99460 /* libSocialTumblr.a */ = {isa = PBXFileReference; lastKnownFileType = archive.ar; path = libSocialTumblr.a; sourceTree = "<group>"; };
		6369E7661EFCEF1000F99460 /* UMSocialTumblrHandler.h */ = {isa = PBXFileReference; fileEncoding = 4; lastKnownFileType = sourcecode.c.h; path = UMSocialTumblrHandler.h; sourceTree = "<group>"; };
		6369E7681EFCEF1000F99460 /* Fabric.framework */ = {isa = PBXFileReference; lastKnownFileType = wrapper.framework; path = Fabric.framework; sourceTree = "<group>"; };
		6369E7691EFCEF1000F99460 /* libSocialTwitter.a */ = {isa = PBXFileReference; lastKnownFileType = archive.ar; path = libSocialTwitter.a; sourceTree = "<group>"; };
		6369E76A1EFCEF1000F99460 /* TwitterCore.framework */ = {isa = PBXFileReference; lastKnownFileType = wrapper.framework; path = TwitterCore.framework; sourceTree = "<group>"; };
		6369E76B1EFCEF1000F99460 /* TwitterKit.framework */ = {isa = PBXFileReference; lastKnownFileType = wrapper.framework; path = TwitterKit.framework; sourceTree = "<group>"; };
		6369E76C1EFCEF1000F99460 /* UMSocialTwitterHandler.h */ = {isa = PBXFileReference; fileEncoding = 4; lastKnownFileType = sourcecode.c.h; path = UMSocialTwitterHandler.h; sourceTree = "<group>"; };
		6369E76E1EFCEF1000F99460 /* libSocialVKontakte.a */ = {isa = PBXFileReference; lastKnownFileType = archive.ar; path = libSocialVKontakte.a; sourceTree = "<group>"; };
		6369E76F1EFCEF1000F99460 /* libVKSdk.a */ = {isa = PBXFileReference; lastKnownFileType = archive.ar; path = libVKSdk.a; sourceTree = "<group>"; };
		6369E7701EFCEF1000F99460 /* NSError+VKError.h */ = {isa = PBXFileReference; fileEncoding = 4; lastKnownFileType = sourcecode.c.h; path = "NSError+VKError.h"; sourceTree = "<group>"; };
		6369E7711EFCEF1000F99460 /* UMSocialVKontakteHandler.h */ = {isa = PBXFileReference; fileEncoding = 4; lastKnownFileType = sourcecode.c.h; path = UMSocialVKontakteHandler.h; sourceTree = "<group>"; };
		6369E7721EFCEF1000F99460 /* VKAccessToken.h */ = {isa = PBXFileReference; fileEncoding = 4; lastKnownFileType = sourcecode.c.h; path = VKAccessToken.h; sourceTree = "<group>"; };
		6369E7731EFCEF1000F99460 /* VKActivity.h */ = {isa = PBXFileReference; fileEncoding = 4; lastKnownFileType = sourcecode.c.h; path = VKActivity.h; sourceTree = "<group>"; };
		6369E7741EFCEF1000F99460 /* VKApi.h */ = {isa = PBXFileReference; fileEncoding = 4; lastKnownFileType = sourcecode.c.h; path = VKApi.h; sourceTree = "<group>"; };
		6369E7751EFCEF1000F99460 /* VKApiBase.h */ = {isa = PBXFileReference; fileEncoding = 4; lastKnownFileType = sourcecode.c.h; path = VKApiBase.h; sourceTree = "<group>"; };
		6369E7761EFCEF1000F99460 /* VKApiCaptcha.h */ = {isa = PBXFileReference; fileEncoding = 4; lastKnownFileType = sourcecode.c.h; path = VKApiCaptcha.h; sourceTree = "<group>"; };
		6369E7771EFCEF1000F99460 /* VKApiConst.h */ = {isa = PBXFileReference; fileEncoding = 4; lastKnownFileType = sourcecode.c.h; path = VKApiConst.h; sourceTree = "<group>"; };
		6369E7781EFCEF1000F99460 /* VKApiDocs.h */ = {isa = PBXFileReference; fileEncoding = 4; lastKnownFileType = sourcecode.c.h; path = VKApiDocs.h; sourceTree = "<group>"; };
		6369E7791EFCEF1000F99460 /* VKApiFriends.h */ = {isa = PBXFileReference; fileEncoding = 4; lastKnownFileType = sourcecode.c.h; path = VKApiFriends.h; sourceTree = "<group>"; };
		6369E77A1EFCEF1000F99460 /* VKApiGroups.h */ = {isa = PBXFileReference; fileEncoding = 4; lastKnownFileType = sourcecode.c.h; path = VKApiGroups.h; sourceTree = "<group>"; };
		6369E77B1EFCEF1000F99460 /* VKApiModels.h */ = {isa = PBXFileReference; fileEncoding = 4; lastKnownFileType = sourcecode.c.h; path = VKApiModels.h; sourceTree = "<group>"; };
		6369E77C1EFCEF1000F99460 /* VKApiObject.h */ = {isa = PBXFileReference; fileEncoding = 4; lastKnownFileType = sourcecode.c.h; path = VKApiObject.h; sourceTree = "<group>"; };
		6369E77D1EFCEF1000F99460 /* VKApiObjectArray.h */ = {isa = PBXFileReference; fileEncoding = 4; lastKnownFileType = sourcecode.c.h; path = VKApiObjectArray.h; sourceTree = "<group>"; };
		6369E77E1EFCEF1000F99460 /* VKApiPhotos.h */ = {isa = PBXFileReference; fileEncoding = 4; lastKnownFileType = sourcecode.c.h; path = VKApiPhotos.h; sourceTree = "<group>"; };
		6369E77F1EFCEF1000F99460 /* VKApiUsers.h */ = {isa = PBXFileReference; fileEncoding = 4; lastKnownFileType = sourcecode.c.h; path = VKApiUsers.h; sourceTree = "<group>"; };
		6369E7801EFCEF1000F99460 /* VKApiWall.h */ = {isa = PBXFileReference; fileEncoding = 4; lastKnownFileType = sourcecode.c.h; path = VKApiWall.h; sourceTree = "<group>"; };
		6369E7811EFCEF1000F99460 /* VKAudio.h */ = {isa = PBXFileReference; fileEncoding = 4; lastKnownFileType = sourcecode.c.h; path = VKAudio.h; sourceTree = "<group>"; };
		6369E7821EFCEF1000F99460 /* VKAuthorizationResult.h */ = {isa = PBXFileReference; fileEncoding = 4; lastKnownFileType = sourcecode.c.h; path = VKAuthorizationResult.h; sourceTree = "<group>"; };
		6369E7831EFCEF1000F99460 /* VKAuthorizeController.h */ = {isa = PBXFileReference; fileEncoding = 4; lastKnownFileType = sourcecode.c.h; path = VKAuthorizeController.h; sourceTree = "<group>"; };
		6369E7841EFCEF1000F99460 /* VKBatchRequest.h */ = {isa = PBXFileReference; fileEncoding = 4; lastKnownFileType = sourcecode.c.h; path = VKBatchRequest.h; sourceTree = "<group>"; };
		6369E7851EFCEF1000F99460 /* VKBundle.h */ = {isa = PBXFileReference; fileEncoding = 4; lastKnownFileType = sourcecode.c.h; path = VKBundle.h; sourceTree = "<group>"; };
		6369E7861EFCEF1000F99460 /* VKCaptchaView.h */ = {isa = PBXFileReference; fileEncoding = 4; lastKnownFileType = sourcecode.c.h; path = VKCaptchaView.h; sourceTree = "<group>"; };
		6369E7871EFCEF1000F99460 /* VKCaptchaViewController.h */ = {isa = PBXFileReference; fileEncoding = 4; lastKnownFileType = sourcecode.c.h; path = VKCaptchaViewController.h; sourceTree = "<group>"; };
		6369E7881EFCEF1000F99460 /* VKCounters.h */ = {isa = PBXFileReference; fileEncoding = 4; lastKnownFileType = sourcecode.c.h; path = VKCounters.h; sourceTree = "<group>"; };
		6369E7891EFCEF1000F99460 /* VKDocs.h */ = {isa = PBXFileReference; fileEncoding = 4; lastKnownFileType = sourcecode.c.h; path = VKDocs.h; sourceTree = "<group>"; };
		6369E78A1EFCEF1000F99460 /* VKError.h */ = {isa = PBXFileReference; fileEncoding = 4; lastKnownFileType = sourcecode.c.h; path = VKError.h; sourceTree = "<group>"; };
		6369E78B1EFCEF1000F99460 /* VKGroup.h */ = {isa = PBXFileReference; fileEncoding = 4; lastKnownFileType = sourcecode.c.h; path = VKGroup.h; sourceTree = "<group>"; };
		6369E78C1EFCEF1000F99460 /* VKImageParameters.h */ = {isa = PBXFileReference; fileEncoding = 4; lastKnownFileType = sourcecode.c.h; path = VKImageParameters.h; sourceTree = "<group>"; };
		6369E78D1EFCEF1000F99460 /* VKLikes.h */ = {isa = PBXFileReference; fileEncoding = 4; lastKnownFileType = sourcecode.c.h; path = VKLikes.h; sourceTree = "<group>"; };
		6369E78E1EFCEF1000F99460 /* VKObject.h */ = {isa = PBXFileReference; fileEncoding = 4; lastKnownFileType = sourcecode.c.h; path = VKObject.h; sourceTree = "<group>"; };
		6369E78F1EFCEF1000F99460 /* VKOperation.h */ = {isa = PBXFileReference; fileEncoding = 4; lastKnownFileType = sourcecode.c.h; path = VKOperation.h; sourceTree = "<group>"; };
		6369E7901EFCEF1000F99460 /* VKPermissions.h */ = {isa = PBXFileReference; fileEncoding = 4; lastKnownFileType = sourcecode.c.h; path = VKPermissions.h; sourceTree = "<group>"; };
		6369E7911EFCEF1000F99460 /* VKPhoto.h */ = {isa = PBXFileReference; fileEncoding = 4; lastKnownFileType = sourcecode.c.h; path = VKPhoto.h; sourceTree = "<group>"; };
		6369E7921EFCEF1000F99460 /* VKPhotoSize.h */ = {isa = PBXFileReference; fileEncoding = 4; lastKnownFileType = sourcecode.c.h; path = VKPhotoSize.h; sourceTree = "<group>"; };
		6369E7931EFCEF1000F99460 /* VKRelative.h */ = {isa = PBXFileReference; fileEncoding = 4; lastKnownFileType = sourcecode.c.h; path = VKRelative.h; sourceTree = "<group>"; };
		6369E7941EFCEF1000F99460 /* VKRequest.h */ = {isa = PBXFileReference; fileEncoding = 4; lastKnownFileType = sourcecode.c.h; path = VKRequest.h; sourceTree = "<group>"; };
		6369E7951EFCEF1000F99460 /* VKResponse.h */ = {isa = PBXFileReference; fileEncoding = 4; lastKnownFileType = sourcecode.c.h; path = VKResponse.h; sourceTree = "<group>"; };
		6369E7961EFCEF1000F99460 /* VKSchool.h */ = {isa = PBXFileReference; fileEncoding = 4; lastKnownFileType = sourcecode.c.h; path = VKSchool.h; sourceTree = "<group>"; };
		6369E7971EFCEF1000F99460 /* VKSdk.h */ = {isa = PBXFileReference; fileEncoding = 4; lastKnownFileType = sourcecode.c.h; path = VKSdk.h; sourceTree = "<group>"; };
		6369E7981EFCEF1000F99460 /* VKSdkResources.bundle */ = {isa = PBXFileReference; lastKnownFileType = "wrapper.plug-in"; path = VKSdkResources.bundle; sourceTree = "<group>"; };
		6369E7991EFCEF1000F99460 /* VKSdkVersion.h */ = {isa = PBXFileReference; fileEncoding = 4; lastKnownFileType = sourcecode.c.h; path = VKSdkVersion.h; sourceTree = "<group>"; };
		6369E79A1EFCEF1000F99460 /* VKShareDialogController.h */ = {isa = PBXFileReference; fileEncoding = 4; lastKnownFileType = sourcecode.c.h; path = VKShareDialogController.h; sourceTree = "<group>"; };
		6369E79B1EFCEF1000F99460 /* VKUniversity.h */ = {isa = PBXFileReference; fileEncoding = 4; lastKnownFileType = sourcecode.c.h; path = VKUniversity.h; sourceTree = "<group>"; };
		6369E79C1EFCEF1000F99460 /* VKUploadImage.h */ = {isa = PBXFileReference; fileEncoding = 4; lastKnownFileType = sourcecode.c.h; path = VKUploadImage.h; sourceTree = "<group>"; };
		6369E79D1EFCEF1000F99460 /* VKUploadMessagesPhotoRequest.h */ = {isa = PBXFileReference; fileEncoding = 4; lastKnownFileType = sourcecode.c.h; path = VKUploadMessagesPhotoRequest.h; sourceTree = "<group>"; };
		6369E79E1EFCEF1000F99460 /* VKUploadPhotoBase.h */ = {isa = PBXFileReference; fileEncoding = 4; lastKnownFileType = sourcecode.c.h; path = VKUploadPhotoBase.h; sourceTree = "<group>"; };
		6369E79F1EFCEF1000F99460 /* VKUploadPhotoRequest.h */ = {isa = PBXFileReference; fileEncoding = 4; lastKnownFileType = sourcecode.c.h; path = VKUploadPhotoRequest.h; sourceTree = "<group>"; };
		6369E7A01EFCEF1000F99460 /* VKUploadWallPhotoRequest.h */ = {isa = PBXFileReference; fileEncoding = 4; lastKnownFileType = sourcecode.c.h; path = VKUploadWallPhotoRequest.h; sourceTree = "<group>"; };
		6369E7A11EFCEF1000F99460 /* VKUser.h */ = {isa = PBXFileReference; fileEncoding = 4; lastKnownFileType = sourcecode.c.h; path = VKUser.h; sourceTree = "<group>"; };
		6369E7A21EFCEF1000F99460 /* VKUtil.h */ = {isa = PBXFileReference; fileEncoding = 4; lastKnownFileType = sourcecode.c.h; path = VKUtil.h; sourceTree = "<group>"; };
		6369E7A41EFCEF1000F99460 /* libSocialWeChat.a */ = {isa = PBXFileReference; lastKnownFileType = archive.ar; path = libSocialWeChat.a; sourceTree = "<group>"; };
		6369E7A51EFCEF1000F99460 /* UMSocialWechatHandler.h */ = {isa = PBXFileReference; fileEncoding = 4; lastKnownFileType = sourcecode.c.h; path = UMSocialWechatHandler.h; sourceTree = "<group>"; };
		6369E7A71EFCEF1000F99460 /* libSocialWhatsApp.a */ = {isa = PBXFileReference; lastKnownFileType = archive.ar; path = libSocialWhatsApp.a; sourceTree = "<group>"; };
		6369E7A81EFCEF1000F99460 /* UMSocialWhatsappHandler.h */ = {isa = PBXFileReference; fileEncoding = 4; lastKnownFileType = sourcecode.c.h; path = UMSocialWhatsappHandler.h; sourceTree = "<group>"; };
		6369E7AA1EFCEF1000F99460 /* libSocialYiXin.a */ = {isa = PBXFileReference; lastKnownFileType = archive.ar; path = libSocialYiXin.a; sourceTree = "<group>"; };
		6369E7AB1EFCEF1000F99460 /* libYixinSDK.a */ = {isa = PBXFileReference; lastKnownFileType = archive.ar; path = libYixinSDK.a; sourceTree = "<group>"; };
		6369E7AC1EFCEF1000F99460 /* UMSocialYiXinHandler.h */ = {isa = PBXFileReference; fileEncoding = 4; lastKnownFileType = sourcecode.c.h; path = UMSocialYiXinHandler.h; sourceTree = "<group>"; };
		6369E7AD1EFCEF1000F99460 /* YXApi.h */ = {isa = PBXFileReference; fileEncoding = 4; lastKnownFileType = sourcecode.c.h; path = YXApi.h; sourceTree = "<group>"; };
		6369E7AE1EFCEF1000F99460 /* YXApiObject.h */ = {isa = PBXFileReference; fileEncoding = 4; lastKnownFileType = sourcecode.c.h; path = YXApiObject.h; sourceTree = "<group>"; };
		6369E7B01EFCEF1000F99460 /* libSocialYouDao.a */ = {isa = PBXFileReference; lastKnownFileType = archive.ar; path = libSocialYouDao.a; sourceTree = "<group>"; };
		6369E7B11EFCEF1000F99460 /* UMSocialYouDaoHandler.h */ = {isa = PBXFileReference; fileEncoding = 4; lastKnownFileType = sourcecode.c.h; path = UMSocialYouDaoHandler.h; sourceTree = "<group>"; };
		6369E7B21EFCEF1000F99460 /* UMShare.framework */ = {isa = PBXFileReference; lastKnownFileType = wrapper.framework; path = UMShare.framework; sourceTree = "<group>"; };
		6369E7B41EFCEF1000F99460 /* libUMSocialCloudShare.a */ = {isa = PBXFileReference; lastKnownFileType = archive.ar; path = libUMSocialCloudShare.a; sourceTree = "<group>"; };
		6369E7B51EFCEF1000F99460 /* libUMSocialLog.a */ = {isa = PBXFileReference; lastKnownFileType = archive.ar; path = libUMSocialLog.a; sourceTree = "<group>"; };
		6369E7B61EFCEF1000F99460 /* UMSocialSDKPromptResources.bundle */ = {isa = PBXFileReference; lastKnownFileType = "wrapper.plug-in"; path = UMSocialSDKPromptResources.bundle; sourceTree = "<group>"; };
		6369E7B81EFCEF1000F99460 /* UMSocialSDKResources.bundle */ = {isa = PBXFileReference; lastKnownFileType = "wrapper.plug-in"; path = UMSocialSDKResources.bundle; sourceTree = "<group>"; };
		6369E7B91EFCEF1000F99460 /* UShareUI.framework */ = {isa = PBXFileReference; lastKnownFileType = wrapper.framework; path = UShareUI.framework; sourceTree = "<group>"; };
		6369E7EC1EFCEF7400F99460 /* TwitterKitResources.bundle */ = {isa = PBXFileReference; lastKnownFileType = "wrapper.plug-in"; name = TwitterKitResources.bundle; path = TwitterKit.framework/TwitterKitResources.bundle; sourceTree = "<group>"; };
		838EA0DA1E9F9024007CEC9E /* UMAnalyticsViewController.h */ = {isa = PBXFileReference; fileEncoding = 4; lastKnownFileType = sourcecode.c.h; path = UMAnalyticsViewController.h; sourceTree = "<group>"; };
		838EA0DB1E9F9024007CEC9E /* UMAnalyticsViewController.m */ = {isa = PBXFileReference; fileEncoding = 4; lastKnownFileType = sourcecode.c.objc; path = UMAnalyticsViewController.m; sourceTree = "<group>"; };
		838EA0DD1E9F9046007CEC9E /* UMAnalyticsDplusViewController.h */ = {isa = PBXFileReference; fileEncoding = 4; lastKnownFileType = sourcecode.c.h; path = UMAnalyticsDplusViewController.h; sourceTree = "<group>"; };
		838EA0DE1E9F9046007CEC9E /* UMAnalyticsDplusViewController.m */ = {isa = PBXFileReference; fileEncoding = 4; lastKnownFileType = sourcecode.c.objc; path = UMAnalyticsDplusViewController.m; sourceTree = "<group>"; };
		A99F94381E70F1750034FEF7 /* SystemConfiguration.framework */ = {isa = PBXFileReference; lastKnownFileType = wrapper.framework; name = SystemConfiguration.framework; path = System/Library/Frameworks/SystemConfiguration.framework; sourceTree = SDKROOT; };
		A99F943C1E70F18E0034FEF7 /* libstdc++.tbd */ = {isa = PBXFileReference; lastKnownFileType = "sourcecode.text-based-dylib-definition"; name = "libstdc++.tbd"; path = "usr/lib/libstdc++.tbd"; sourceTree = SDKROOT; };
		A99F943E1E70F1A30034FEF7 /* libc++.tbd */ = {isa = PBXFileReference; lastKnownFileType = "sourcecode.text-based-dylib-definition"; name = "libc++.tbd"; path = "usr/lib/libc++.tbd"; sourceTree = SDKROOT; };
		A9C897DB1E6EB647000DE143 /* UMengDemo.app */ = {isa = PBXFileReference; explicitFileType = wrapper.application; includeInIndex = 0; path = UMengDemo.app; sourceTree = BUILT_PRODUCTS_DIR; };
		A9C897DF1E6EB647000DE143 /* main.m */ = {isa = PBXFileReference; lastKnownFileType = sourcecode.c.objc; path = main.m; sourceTree = "<group>"; };
		A9C897E11E6EB647000DE143 /* AppDelegate.h */ = {isa = PBXFileReference; lastKnownFileType = sourcecode.c.h; path = AppDelegate.h; sourceTree = "<group>"; };
		A9C897E21E6EB647000DE143 /* AppDelegate.m */ = {isa = PBXFileReference; lastKnownFileType = sourcecode.c.objc; path = AppDelegate.m; sourceTree = "<group>"; };
		A9C897ED1E6EB647000DE143 /* Assets.xcassets */ = {isa = PBXFileReference; lastKnownFileType = folder.assetcatalog; path = Assets.xcassets; sourceTree = "<group>"; };
		A9C897F01E6EB647000DE143 /* Base */ = {isa = PBXFileReference; lastKnownFileType = file.storyboard; name = Base; path = Base.lproj/LaunchScreen.storyboard; sourceTree = "<group>"; };
		A9C897F21E6EB647000DE143 /* Info.plist */ = {isa = PBXFileReference; lastKnownFileType = text.plist.xml; path = Info.plist; sourceTree = "<group>"; };
		A9C897FD1E6EC02F000DE143 /* CoreTelephony.framework */ = {isa = PBXFileReference; lastKnownFileType = wrapper.framework; name = CoreTelephony.framework; path = System/Library/Frameworks/CoreTelephony.framework; sourceTree = SDKROOT; };
		A9C897FF1E6EC041000DE143 /* libsqlite3.tbd */ = {isa = PBXFileReference; lastKnownFileType = "sourcecode.text-based-dylib-definition"; name = libsqlite3.tbd; path = usr/lib/libsqlite3.tbd; sourceTree = SDKROOT; };
		A9C898001E6EC041000DE143 /* libz.tbd */ = {isa = PBXFileReference; lastKnownFileType = "sourcecode.text-based-dylib-definition"; name = libz.tbd; path = usr/lib/libz.tbd; sourceTree = SDKROOT; };
		E5376F431EDE586D00798DDA /* UMengDemo-Bridging-Header.h */ = {isa = PBXFileReference; fileEncoding = 4; lastKnownFileType = sourcecode.c.h; path = "UMengDemo-Bridging-Header.h"; sourceTree = "<group>"; };
		E5376F441EDE5A0100798DDA /* UMShareSwiftInterface.swift */ = {isa = PBXFileReference; fileEncoding = 4; lastKnownFileType = sourcecode.swift; path = UMShareSwiftInterface.swift; sourceTree = "<group>"; };
		E5376F481EDE5A4500798DDA /* UMAnalyticsSwiftInterface.swift */ = {isa = PBXFileReference; fileEncoding = 4; lastKnownFileType = sourcecode.swift; path = UMAnalyticsSwiftInterface.swift; sourceTree = "<group>"; };
		E54270081EDEA12900A58E0B /* UMCommonSwiftInterface.swift */ = {isa = PBXFileReference; fileEncoding = 4; lastKnownFileType = sourcecode.swift; path = UMCommonSwiftInterface.swift; sourceTree = "<group>"; };
		E542700E1EDEA3B000A58E0B /* UMGameAnalyticsSwiftInterface.swift */ = {isa = PBXFileReference; fileEncoding = 4; lastKnownFileType = sourcecode.swift; path = UMGameAnalyticsSwiftInterface.swift; sourceTree = "<group>"; };
		E54270101EDEA81C00A58E0B /* UMDplusMobClickSwiftInterface.swift */ = {isa = PBXFileReference; fileEncoding = 4; lastKnownFileType = sourcecode.swift; path = UMDplusMobClickSwiftInterface.swift; sourceTree = "<group>"; };
		E54270121EDEAC2500A58E0B /* UMessageSwiftInterface.swift */ = {isa = PBXFileReference; fileEncoding = 4; lastKnownFileType = sourcecode.swift; path = UMessageSwiftInterface.swift; sourceTree = "<group>"; };
		E54270181EDEBA4100A58E0B /* UMengDemo_PrefixHeader.pch */ = {isa = PBXFileReference; fileEncoding = 4; lastKnownFileType = sourcecode.c.h; path = UMengDemo_PrefixHeader.pch; sourceTree = "<group>"; };
		E596072A1E9DC02500C9813C /* UMAnalytics.framework */ = {isa = PBXFileReference; lastKnownFileType = wrapper.framework; path = UMAnalytics.framework; sourceTree = "<group>"; };
		E596072B1E9DC02500C9813C /* UMCommon.framework */ = {isa = PBXFileReference; lastKnownFileType = wrapper.framework; path = UMCommon.framework; sourceTree = "<group>"; };
		E5DCD9D81E9F7D3E00AE5E36 /* CoreGraphics.framework */ = {isa = PBXFileReference; lastKnownFileType = wrapper.framework; name = CoreGraphics.framework; path = System/Library/Frameworks/CoreGraphics.framework; sourceTree = SDKROOT; };
		E5DCD9DA1E9F7D4800AE5E36 /* QuartzCore.framework */ = {isa = PBXFileReference; lastKnownFileType = wrapper.framework; name = QuartzCore.framework; path = System/Library/Frameworks/QuartzCore.framework; sourceTree = SDKROOT; };
		E5DCD9DC1E9F7D8D00AE5E36 /* ImageIO.framework */ = {isa = PBXFileReference; lastKnownFileType = wrapper.framework; name = ImageIO.framework; path = System/Library/Frameworks/ImageIO.framework; sourceTree = SDKROOT; };
		E5DCD9DE1E9F7DAD00AE5E36 /* CoreData.framework */ = {isa = PBXFileReference; lastKnownFileType = wrapper.framework; name = CoreData.framework; path = System/Library/Frameworks/CoreData.framework; sourceTree = SDKROOT; };
		E5DCD9E01E9F7DBF00AE5E36 /* MessageUI.framework */ = {isa = PBXFileReference; lastKnownFileType = wrapper.framework; name = MessageUI.framework; path = System/Library/Frameworks/MessageUI.framework; sourceTree = SDKROOT; };
/* End PBXFileReference section */

/* Begin PBXFrameworksBuildPhase section */
		A9C897D81E6EB647000DE143 /* Frameworks */ = {
			isa = PBXFrameworksBuildPhase;
			buildActionMask = 2147483647;
			files = (
				6369E7DE1EFCEF1000F99460 /* libSocialVKontakte.a in Frameworks */,
				6369E7D91EFCEF1000F99460 /* libSocialTumblr.a in Frameworks */,
				6369E7E21EFCEF1000F99460 /* libSocialWhatsApp.a in Frameworks */,
				E5DCD9E11E9F7DBF00AE5E36 /* MessageUI.framework in Frameworks */,
				E5DCD9DF1E9F7DAD00AE5E36 /* CoreData.framework in Frameworks */,
				6369E7D01EFCEF1000F99460 /* libSocialLinkedin.a in Frameworks */,
				6369E7D21EFCEF1000F99460 /* libSocialPinterest.a in Frameworks */,
				6369E7DC1EFCEF1000F99460 /* TwitterCore.framework in Frameworks */,
				E5DCD9DD1E9F7D8D00AE5E36 /* ImageIO.framework in Frameworks */,
				E5DCD9DB1E9F7D4800AE5E36 /* QuartzCore.framework in Frameworks */,
				6369E7C91EFCEF1000F99460 /* libSocialGooglePlus.a in Frameworks */,
				6369E7D61EFCEF1000F99460 /* libSocialSina.a in Frameworks */,
				E5DCD9D91E9F7D3E00AE5E36 /* CoreGraphics.framework in Frameworks */,
				17A1932C1E9E15900020F491 /* UserNotifications.framework in Frameworks */,
				6369E7CF1EFCEF1000F99460 /* libSocialLine.a in Frameworks */,
				6369E7D11EFCEF1000F99460 /* linkedin-sdk.framework in Frameworks */,
				6369E7BD1EFCEF1000F99460 /* libSocialDingDing.a in Frameworks */,
				6369E7E51EFCEF1000F99460 /* libSocialYouDao.a in Frameworks */,
				6369E7E41EFCEF1000F99460 /* libYixinSDK.a in Frameworks */,
				6369E7D81EFCEF1000F99460 /* libSocialTencentWeibo.a in Frameworks */,
				6369E7D41EFCEF1000F99460 /* libSocialQQ.a in Frameworks */,
				6369E7D51EFCEF1000F99460 /* libSocialRenren.a in Frameworks */,
				A99F943F1E70F1A30034FEF7 /* libc++.tbd in Frameworks */,
				A99F943D1E70F18E0034FEF7 /* libstdc++.tbd in Frameworks */,
				A99F94391E70F1750034FEF7 /* SystemConfiguration.framework in Frameworks */,
				6369E7BA1EFCEF1000F99460 /* libAPOpenSdk.a in Frameworks */,
				6369E7C81EFCEF1000F99460 /* libSocialFlickr.a in Frameworks */,
				6369E7C11EFCEF1000F99460 /* libSocialEverNote.a in Frameworks */,
				6369E7E31EFCEF1000F99460 /* libSocialYiXin.a in Frameworks */,
				6369E7CB1EFCEF1000F99460 /* KakaoOpenSDK.framework in Frameworks */,
				6369E7BE1EFCEF1000F99460 /* libSocialDouban.a in Frameworks */,
				17F5CE411EA4C23000FF13AC /* UMPush.framework in Frameworks */,
				6369E7C01EFCEF1000F99460 /* libSocialEmail.a in Frameworks */,
				6369E7CE1EFCEF1000F99460 /* libSocialLaiWang.a in Frameworks */,
				6369E7E81EFCEF1000F99460 /* libUMSocialLog.a in Frameworks */,
				6369E7CC1EFCEF1000F99460 /* libSocialKakao.a in Frameworks */,
				6369E7D71EFCEF1000F99460 /* libSocialSMS.a in Frameworks */,
				6369E7E71EFCEF1000F99460 /* libUMSocialCloudShare.a in Frameworks */,
				6369E7C31EFCEF1000F99460 /* FBSDKCoreKit.framework in Frameworks */,
				6369E7C21EFCEF1000F99460 /* Bolts.framework in Frameworks */,
				6369E7BF1EFCEF1000F99460 /* libSocialDropBox.a in Frameworks */,
				6369E7BC1EFCEF1000F99460 /* DTShareKit.framework in Frameworks */,
				6369E7CD1EFCEF1000F99460 /* libLWApiSDK.a in Frameworks */,
				6369E7DA1EFCEF1000F99460 /* Fabric.framework in Frameworks */,
				6369E7EB1EFCEF1000F99460 /* UShareUI.framework in Frameworks */,
				6369E7DB1EFCEF1000F99460 /* libSocialTwitter.a in Frameworks */,
				6369E7E61EFCEF1000F99460 /* UMShare.framework in Frameworks */,
				A9C898011E6EC041000DE143 /* libsqlite3.tbd in Frameworks */,
				6369E7C71EFCEF1000F99460 /* libSocialFacebook.a in Frameworks */,
				6369E7C41EFCEF1000F99460 /* FBSDKLoginKit.framework in Frameworks */,
				A9C898021E6EC041000DE143 /* libz.tbd in Frameworks */,
				6369E7C51EFCEF1000F99460 /* FBSDKMessengerShareKit.framework in Frameworks */,
				E59607DE1E9DC02500C9813C /* UMCommon.framework in Frameworks */,
				6369E7DF1EFCEF1000F99460 /* libVKSdk.a in Frameworks */,
				6369E7CA1EFCEF1000F99460 /* libSocialInstagram.a in Frameworks */,
				6369E7C61EFCEF1000F99460 /* FBSDKShareKit.framework in Frameworks */,
				A9C897FE1E6EC02F000DE143 /* CoreTelephony.framework in Frameworks */,
				6369E7DD1EFCEF1000F99460 /* TwitterKit.framework in Frameworks */,
				6369E7BB1EFCEF1000F99460 /* libSocialAlipayShare.a in Frameworks */,
				6369E7D31EFCEF1000F99460 /* libSocialPocket.a in Frameworks */,
				6369E7E11EFCEF1000F99460 /* libSocialWeChat.a in Frameworks */,
				E59607DD1E9DC02500C9813C /* UMAnalytics.framework in Frameworks */,
			);
			runOnlyForDeploymentPostprocessing = 0;
		};
/* End PBXFrameworksBuildPhase section */

/* Begin PBXGroup section */
		17A193321E9E179A0020F491 /* UMessageDemoUI */ = {
			isa = PBXGroup;
			children = (
				17A193361E9E17F40020F491 /* UMessageViewController.h */,
				17A193371E9E17F40020F491 /* UMessageViewController.m */,
				17A193381E9E17F40020F491 /* UMessageViewController.xib */,
			);
			path = UMessageDemoUI;
			sourceTree = "<group>";
		};
		17F594CB1E9E12AC0022E78B /* UMSocialDemoUI */ = {
			isa = PBXGroup;
			children = (
				17F594CC1E9E12AC0022E78B /* Resources */,
				17F594D91E9E12AC0022E78B /* Swift */,
				17F594DC1E9E12AC0022E78B /* UMSAuthDetailViewController.h */,
				17F594DD1E9E12AC0022E78B /* UMSAuthDetailViewController.m */,
				17F594DE1E9E12AC0022E78B /* UMSBaseViewController.h */,
				17F594DF1E9E12AC0022E78B /* UMSBaseViewController.m */,
				17F594E01E9E12AC0022E78B /* UMShareTypeViewController.h */,
				17F594E11E9E12AC0022E78B /* UMShareTypeViewController.m */,
				17F594E21E9E12AC0022E78B /* UMShareViewController.h */,
				17F594E31E9E12AC0022E78B /* UMShareViewController.m */,
				17F594E41E9E12AC0022E78B /* UMSPlatformListViewController.h */,
				17F594E51E9E12AC0022E78B /* UMSPlatformListViewController.m */,
				17F594E61E9E12AC0022E78B /* UMSRootViewController.h */,
				17F594E71E9E12AC0022E78B /* UMSRootViewController.m */,
			);
			path = UMSocialDemoUI;
			sourceTree = "<group>";
		};
		17F594CC1E9E12AC0022E78B /* Resources */ = {
			isa = PBXGroup;
			children = (
				17F594CD1E9E12AC0022E78B /* access@2x.png */,
				17F594CE1E9E12AC0022E78B /* auth_icon@2x.png */,
				17F594CF1E9E12AC0022E78B /* share_icon@2x.png */,
				17F594D01E9E12AC0022E78B /* ShareRes */,
				17F594D61E9E12AC0022E78B /* update.txt */,
				17F594D71E9E12AC0022E78B /* userinfo_icon@2x.png */,
				17F594D81E9E12AC0022E78B /* versionstatus_icon@2x.png */,
			);
			path = Resources;
			sourceTree = "<group>";
		};
		17F594D01E9E12AC0022E78B /* ShareRes */ = {
			isa = PBXGroup;
			children = (
				17F594D11E9E12AC0022E78B /* icon.png */,
				17F594D21E9E12AC0022E78B /* icon_circle.png */,
				17F594D31E9E12AC0022E78B /* logo.png */,
				17F594D41E9E12AC0022E78B /* res6.gif */,
				17F594D51E9E12AC0022E78B /* umengFile.txt */,
			);
			path = ShareRes;
			sourceTree = "<group>";
		};
		17F594D91E9E12AC0022E78B /* Swift */ = {
			isa = PBXGroup;
			children = (
				17F594DA1E9E12AC0022E78B /* UMSocialSDK-Bridging-Header.h */,
				17F594DB1E9E12AC0022E78B /* UMSocialSwiftInterface.swift */,
			);
			path = Swift;
			sourceTree = "<group>";
		};
		6369E70D1EFCEF1000F99460 /* UMShare */ = {
			isa = PBXGroup;
			children = (
				6369E70E1EFCEF1000F99460 /* SocialLibraries */,
				6369E7B21EFCEF1000F99460 /* UMShare.framework */,
				6369E7B31EFCEF1000F99460 /* UMSocialSDKPlugin */,
				6369E7B71EFCEF1000F99460 /* UMSocialUI */,
			);
			path = UMShare;
			sourceTree = "<group>";
		};
		6369E70E1EFCEF1000F99460 /* SocialLibraries */ = {
			isa = PBXGroup;
			children = (
				6369E70F1EFCEF1000F99460 /* AlipayShare */,
				6369E7151EFCEF1000F99460 /* DingDing */,
				6369E7191EFCEF1000F99460 /* Douban */,
				6369E71C1EFCEF1000F99460 /* DropBox */,
				6369E71F1EFCEF1000F99460 /* Email */,
				6369E7221EFCEF1000F99460 /* EverNote */,
				6369E7251EFCEF1000F99460 /* Facebook */,
				6369E72E1EFCEF1000F99460 /* Flickr */,
				6369E7311EFCEF1000F99460 /* GooglePlus */,
				6369E7341EFCEF1000F99460 /* Instagram */,
				6369E7371EFCEF1000F99460 /* Kakao */,
				6369E73B1EFCEF1000F99460 /* LaiWang */,
				6369E7481EFCEF1000F99460 /* Line */,
				6369E74B1EFCEF1000F99460 /* Linkedin */,
				6369E74F1EFCEF1000F99460 /* Pinterest */,
				6369E7521EFCEF1000F99460 /* Pocket */,
				6369E7551EFCEF1000F99460 /* QQ */,
				6369E7581EFCEF1000F99460 /* Renren */,
				6369E75B1EFCEF1000F99460 /* Sina */,
				6369E75E1EFCEF1000F99460 /* SMS */,
				6369E7611EFCEF1000F99460 /* TencentWeibo */,
				6369E7641EFCEF1000F99460 /* Tumblr */,
				6369E7671EFCEF1000F99460 /* Twitter */,
				6369E76D1EFCEF1000F99460 /* VKontakte */,
				6369E7A31EFCEF1000F99460 /* WeChat */,
				6369E7A61EFCEF1000F99460 /* WhatsApp */,
				6369E7A91EFCEF1000F99460 /* YiXin */,
				6369E7AF1EFCEF1000F99460 /* YouDao */,
			);
			path = SocialLibraries;
			sourceTree = "<group>";
		};
		6369E70F1EFCEF1000F99460 /* AlipayShare */ = {
			isa = PBXGroup;
			children = (
				6369E7101EFCEF1000F99460 /* APOpenAPI.h */,
				6369E7111EFCEF1000F99460 /* APOpenAPIObject.h */,
				6369E7121EFCEF1000F99460 /* libAPOpenSdk.a */,
				6369E7131EFCEF1000F99460 /* libSocialAlipayShare.a */,
				6369E7141EFCEF1000F99460 /* UMSocialAlipayHandler.h */,
			);
			path = AlipayShare;
			sourceTree = "<group>";
		};
		6369E7151EFCEF1000F99460 /* DingDing */ = {
			isa = PBXGroup;
			children = (
				6369E7161EFCEF1000F99460 /* DTShareKit.framework */,
				6369E7171EFCEF1000F99460 /* libSocialDingDing.a */,
				6369E7181EFCEF1000F99460 /* UMSocialDingDingHandler.h */,
			);
			path = DingDing;
			sourceTree = "<group>";
		};
		6369E7191EFCEF1000F99460 /* Douban */ = {
			isa = PBXGroup;
			children = (
				6369E71A1EFCEF1000F99460 /* libSocialDouban.a */,
				6369E71B1EFCEF1000F99460 /* UMSocialDoubanHandler.h */,
			);
			path = Douban;
			sourceTree = "<group>";
		};
		6369E71C1EFCEF1000F99460 /* DropBox */ = {
			isa = PBXGroup;
			children = (
				6369E71D1EFCEF1000F99460 /* libSocialDropBox.a */,
				6369E71E1EFCEF1000F99460 /* UMSocialDropBoxHandler.h */,
			);
			path = DropBox;
			sourceTree = "<group>";
		};
		6369E71F1EFCEF1000F99460 /* Email */ = {
			isa = PBXGroup;
			children = (
				6369E7201EFCEF1000F99460 /* libSocialEmail.a */,
				6369E7211EFCEF1000F99460 /* UMSocialEmailHandler.h */,
			);
			path = Email;
			sourceTree = "<group>";
		};
		6369E7221EFCEF1000F99460 /* EverNote */ = {
			isa = PBXGroup;
			children = (
				6369E7231EFCEF1000F99460 /* libSocialEverNote.a */,
				6369E7241EFCEF1000F99460 /* UMSocialEverNoteHandler.h */,
			);
			path = EverNote;
			sourceTree = "<group>";
		};
		6369E7251EFCEF1000F99460 /* Facebook */ = {
			isa = PBXGroup;
			children = (
				6369E7261EFCEF1000F99460 /* Bolts.framework */,
				6369E7271EFCEF1000F99460 /* facebook_ios_sdk_Prefix.pch */,
				6369E7281EFCEF1000F99460 /* FBSDKCoreKit.framework */,
				6369E7291EFCEF1000F99460 /* FBSDKLoginKit.framework */,
				6369E72A1EFCEF1000F99460 /* FBSDKMessengerShareKit.framework */,
				6369E72B1EFCEF1000F99460 /* FBSDKShareKit.framework */,
				6369E72C1EFCEF1000F99460 /* libSocialFacebook.a */,
				6369E72D1EFCEF1000F99460 /* UMSocialFaceBookHandler.h */,
			);
			path = Facebook;
			sourceTree = "<group>";
		};
		6369E72E1EFCEF1000F99460 /* Flickr */ = {
			isa = PBXGroup;
			children = (
				6369E72F1EFCEF1000F99460 /* libSocialFlickr.a */,
				6369E7301EFCEF1000F99460 /* UMSocialFlickrHandler.h */,
			);
			path = Flickr;
			sourceTree = "<group>";
		};
		6369E7311EFCEF1000F99460 /* GooglePlus */ = {
			isa = PBXGroup;
			children = (
				6369E7321EFCEF1000F99460 /* libSocialGooglePlus.a */,
				6369E7331EFCEF1000F99460 /* UMSocialGooglePlusHandler.h */,
			);
			path = GooglePlus;
			sourceTree = "<group>";
		};
		6369E7341EFCEF1000F99460 /* Instagram */ = {
			isa = PBXGroup;
			children = (
				6369E7351EFCEF1000F99460 /* libSocialInstagram.a */,
				6369E7361EFCEF1000F99460 /* UMSocialInstagramHandler.h */,
			);
			path = Instagram;
			sourceTree = "<group>";
		};
		6369E7371EFCEF1000F99460 /* Kakao */ = {
			isa = PBXGroup;
			children = (
				6369E7381EFCEF1000F99460 /* KakaoOpenSDK.framework */,
				6369E7391EFCEF1000F99460 /* libSocialKakao.a */,
				6369E73A1EFCEF1000F99460 /* UMSocialKakaoHandler.h */,
			);
			path = Kakao;
			sourceTree = "<group>";
		};
		6369E73B1EFCEF1000F99460 /* LaiWang */ = {
			isa = PBXGroup;
			children = (
				6369E73C1EFCEF1000F99460 /* libLWApiSDK.a */,
				6369E73D1EFCEF1000F99460 /* libSocialLaiWang.a */,
				6369E73E1EFCEF1000F99460 /* LWApiConfig.h */,
				6369E73F1EFCEF1000F99460 /* LWApiConnection.h */,
				6369E7401EFCEF1000F99460 /* LWApiImageObject.h */,
				6369E7411EFCEF1000F99460 /* LWApiMediaObject.h */,
				6369E7421EFCEF1000F99460 /* LWApiMessage.h */,
				6369E7431EFCEF1000F99460 /* LWApiRequest.h */,
				6369E7441EFCEF1000F99460 /* LWApiResponse.h */,
				6369E7451EFCEF1000F99460 /* LWApiSDK.h */,
				6369E7461EFCEF1000F99460 /* LWApiUtils.h */,
				6369E7471EFCEF1000F99460 /* UMSocialLaiWangHandler.h */,
			);
			path = LaiWang;
			sourceTree = "<group>";
		};
		6369E7481EFCEF1000F99460 /* Line */ = {
			isa = PBXGroup;
			children = (
				6369E7491EFCEF1000F99460 /* libSocialLine.a */,
				6369E74A1EFCEF1000F99460 /* UMSocialLinehandler.h */,
			);
			path = Line;
			sourceTree = "<group>";
		};
		6369E74B1EFCEF1000F99460 /* Linkedin */ = {
			isa = PBXGroup;
			children = (
				6369E74C1EFCEF1000F99460 /* libSocialLinkedin.a */,
				6369E74D1EFCEF1000F99460 /* linkedin-sdk.framework */,
				6369E74E1EFCEF1000F99460 /* UMSocialLinkedinHandler.h */,
			);
			path = Linkedin;
			sourceTree = "<group>";
		};
		6369E74F1EFCEF1000F99460 /* Pinterest */ = {
			isa = PBXGroup;
			children = (
				6369E7501EFCEF1000F99460 /* libSocialPinterest.a */,
				6369E7511EFCEF1000F99460 /* UMSocialPinterestHandler.h */,
			);
			path = Pinterest;
			sourceTree = "<group>";
		};
		6369E7521EFCEF1000F99460 /* Pocket */ = {
			isa = PBXGroup;
			children = (
				6369E7531EFCEF1000F99460 /* libSocialPocket.a */,
				6369E7541EFCEF1000F99460 /* UMSocialPocketHandler.h */,
			);
			path = Pocket;
			sourceTree = "<group>";
		};
		6369E7551EFCEF1000F99460 /* QQ */ = {
			isa = PBXGroup;
			children = (
				6369E7561EFCEF1000F99460 /* libSocialQQ.a */,
				6369E7571EFCEF1000F99460 /* UMSocialQQHandler.h */,
			);
			path = QQ;
			sourceTree = "<group>";
		};
		6369E7581EFCEF1000F99460 /* Renren */ = {
			isa = PBXGroup;
			children = (
				6369E7591EFCEF1000F99460 /* libSocialRenren.a */,
				6369E75A1EFCEF1000F99460 /* UMSocialRenrenHandler.h */,
			);
			path = Renren;
			sourceTree = "<group>";
		};
		6369E75B1EFCEF1000F99460 /* Sina */ = {
			isa = PBXGroup;
			children = (
				6369E75C1EFCEF1000F99460 /* libSocialSina.a */,
				6369E75D1EFCEF1000F99460 /* UMSocialSinaHandler.h */,
			);
			path = Sina;
			sourceTree = "<group>";
		};
		6369E75E1EFCEF1000F99460 /* SMS */ = {
			isa = PBXGroup;
			children = (
				6369E75F1EFCEF1000F99460 /* libSocialSMS.a */,
				6369E7601EFCEF1000F99460 /* UMSocialSmsHandler.h */,
			);
			path = SMS;
			sourceTree = "<group>";
		};
		6369E7611EFCEF1000F99460 /* TencentWeibo */ = {
			isa = PBXGroup;
			children = (
				6369E7621EFCEF1000F99460 /* libSocialTencentWeibo.a */,
				6369E7631EFCEF1000F99460 /* UMSocialTCWeiboHandler.h */,
			);
			path = TencentWeibo;
			sourceTree = "<group>";
		};
		6369E7641EFCEF1000F99460 /* Tumblr */ = {
			isa = PBXGroup;
			children = (
				6369E7651EFCEF1000F99460 /* libSocialTumblr.a */,
				6369E7661EFCEF1000F99460 /* UMSocialTumblrHandler.h */,
			);
			path = Tumblr;
			sourceTree = "<group>";
		};
		6369E7671EFCEF1000F99460 /* Twitter */ = {
			isa = PBXGroup;
			children = (
				6369E7EC1EFCEF7400F99460 /* TwitterKitResources.bundle */,
				6369E7681EFCEF1000F99460 /* Fabric.framework */,
				6369E7691EFCEF1000F99460 /* libSocialTwitter.a */,
				6369E76A1EFCEF1000F99460 /* TwitterCore.framework */,
				6369E76B1EFCEF1000F99460 /* TwitterKit.framework */,
				6369E76C1EFCEF1000F99460 /* UMSocialTwitterHandler.h */,
			);
			path = Twitter;
			sourceTree = "<group>";
		};
		6369E76D1EFCEF1000F99460 /* VKontakte */ = {
			isa = PBXGroup;
			children = (
				6369E76E1EFCEF1000F99460 /* libSocialVKontakte.a */,
				6369E76F1EFCEF1000F99460 /* libVKSdk.a */,
				6369E7701EFCEF1000F99460 /* NSError+VKError.h */,
				6369E7711EFCEF1000F99460 /* UMSocialVKontakteHandler.h */,
				6369E7721EFCEF1000F99460 /* VKAccessToken.h */,
				6369E7731EFCEF1000F99460 /* VKActivity.h */,
				6369E7741EFCEF1000F99460 /* VKApi.h */,
				6369E7751EFCEF1000F99460 /* VKApiBase.h */,
				6369E7761EFCEF1000F99460 /* VKApiCaptcha.h */,
				6369E7771EFCEF1000F99460 /* VKApiConst.h */,
				6369E7781EFCEF1000F99460 /* VKApiDocs.h */,
				6369E7791EFCEF1000F99460 /* VKApiFriends.h */,
				6369E77A1EFCEF1000F99460 /* VKApiGroups.h */,
				6369E77B1EFCEF1000F99460 /* VKApiModels.h */,
				6369E77C1EFCEF1000F99460 /* VKApiObject.h */,
				6369E77D1EFCEF1000F99460 /* VKApiObjectArray.h */,
				6369E77E1EFCEF1000F99460 /* VKApiPhotos.h */,
				6369E77F1EFCEF1000F99460 /* VKApiUsers.h */,
				6369E7801EFCEF1000F99460 /* VKApiWall.h */,
				6369E7811EFCEF1000F99460 /* VKAudio.h */,
				6369E7821EFCEF1000F99460 /* VKAuthorizationResult.h */,
				6369E7831EFCEF1000F99460 /* VKAuthorizeController.h */,
				6369E7841EFCEF1000F99460 /* VKBatchRequest.h */,
				6369E7851EFCEF1000F99460 /* VKBundle.h */,
				6369E7861EFCEF1000F99460 /* VKCaptchaView.h */,
				6369E7871EFCEF1000F99460 /* VKCaptchaViewController.h */,
				6369E7881EFCEF1000F99460 /* VKCounters.h */,
				6369E7891EFCEF1000F99460 /* VKDocs.h */,
				6369E78A1EFCEF1000F99460 /* VKError.h */,
				6369E78B1EFCEF1000F99460 /* VKGroup.h */,
				6369E78C1EFCEF1000F99460 /* VKImageParameters.h */,
				6369E78D1EFCEF1000F99460 /* VKLikes.h */,
				6369E78E1EFCEF1000F99460 /* VKObject.h */,
				6369E78F1EFCEF1000F99460 /* VKOperation.h */,
				6369E7901EFCEF1000F99460 /* VKPermissions.h */,
				6369E7911EFCEF1000F99460 /* VKPhoto.h */,
				6369E7921EFCEF1000F99460 /* VKPhotoSize.h */,
				6369E7931EFCEF1000F99460 /* VKRelative.h */,
				6369E7941EFCEF1000F99460 /* VKRequest.h */,
				6369E7951EFCEF1000F99460 /* VKResponse.h */,
				6369E7961EFCEF1000F99460 /* VKSchool.h */,
				6369E7971EFCEF1000F99460 /* VKSdk.h */,
				6369E7981EFCEF1000F99460 /* VKSdkResources.bundle */,
				6369E7991EFCEF1000F99460 /* VKSdkVersion.h */,
				6369E79A1EFCEF1000F99460 /* VKShareDialogController.h */,
				6369E79B1EFCEF1000F99460 /* VKUniversity.h */,
				6369E79C1EFCEF1000F99460 /* VKUploadImage.h */,
				6369E79D1EFCEF1000F99460 /* VKUploadMessagesPhotoRequest.h */,
				6369E79E1EFCEF1000F99460 /* VKUploadPhotoBase.h */,
				6369E79F1EFCEF1000F99460 /* VKUploadPhotoRequest.h */,
				6369E7A01EFCEF1000F99460 /* VKUploadWallPhotoRequest.h */,
				6369E7A11EFCEF1000F99460 /* VKUser.h */,
				6369E7A21EFCEF1000F99460 /* VKUtil.h */,
			);
			path = VKontakte;
			sourceTree = "<group>";
		};
		6369E7A31EFCEF1000F99460 /* WeChat */ = {
			isa = PBXGroup;
			children = (
				6369E7A41EFCEF1000F99460 /* libSocialWeChat.a */,
				6369E7A51EFCEF1000F99460 /* UMSocialWechatHandler.h */,
			);
			path = WeChat;
			sourceTree = "<group>";
		};
		6369E7A61EFCEF1000F99460 /* WhatsApp */ = {
			isa = PBXGroup;
			children = (
				6369E7A71EFCEF1000F99460 /* libSocialWhatsApp.a */,
				6369E7A81EFCEF1000F99460 /* UMSocialWhatsappHandler.h */,
			);
			path = WhatsApp;
			sourceTree = "<group>";
		};
		6369E7A91EFCEF1000F99460 /* YiXin */ = {
			isa = PBXGroup;
			children = (
				6369E7AA1EFCEF1000F99460 /* libSocialYiXin.a */,
				6369E7AB1EFCEF1000F99460 /* libYixinSDK.a */,
				6369E7AC1EFCEF1000F99460 /* UMSocialYiXinHandler.h */,
				6369E7AD1EFCEF1000F99460 /* YXApi.h */,
				6369E7AE1EFCEF1000F99460 /* YXApiObject.h */,
			);
			path = YiXin;
			sourceTree = "<group>";
		};
		6369E7AF1EFCEF1000F99460 /* YouDao */ = {
			isa = PBXGroup;
			children = (
				6369E7B01EFCEF1000F99460 /* libSocialYouDao.a */,
				6369E7B11EFCEF1000F99460 /* UMSocialYouDaoHandler.h */,
			);
			path = YouDao;
			sourceTree = "<group>";
		};
		6369E7B31EFCEF1000F99460 /* UMSocialSDKPlugin */ = {
			isa = PBXGroup;
			children = (
				6369E7B41EFCEF1000F99460 /* libUMSocialCloudShare.a */,
				6369E7B51EFCEF1000F99460 /* libUMSocialLog.a */,
				6369E7B61EFCEF1000F99460 /* UMSocialSDKPromptResources.bundle */,
			);
			path = UMSocialSDKPlugin;
			sourceTree = "<group>";
		};
		6369E7B71EFCEF1000F99460 /* UMSocialUI */ = {
			isa = PBXGroup;
			children = (
				6369E7B81EFCEF1000F99460 /* UMSocialSDKResources.bundle */,
				6369E7B91EFCEF1000F99460 /* UShareUI.framework */,
			);
			path = UMSocialUI;
			sourceTree = "<group>";
		};
		838EA0D91E9F8FD6007CEC9E /* UMAnalyticsDemoUI */ = {
			isa = PBXGroup;
			children = (
				838EA0DA1E9F9024007CEC9E /* UMAnalyticsViewController.h */,
				838EA0DB1E9F9024007CEC9E /* UMAnalyticsViewController.m */,
				838EA0DD1E9F9046007CEC9E /* UMAnalyticsDplusViewController.h */,
				838EA0DE1E9F9046007CEC9E /* UMAnalyticsDplusViewController.m */,
			);
			path = UMAnalyticsDemoUI;
			sourceTree = "<group>";
		};
		A9C897D21E6EB647000DE143 = {
			isa = PBXGroup;
			children = (
				A9C897DD1E6EB647000DE143 /* UMengDemo */,
				A9C897DC1E6EB647000DE143 /* Products */,
				A9C897FC1E6EC02E000DE143 /* Frameworks */,
			);
			sourceTree = "<group>";
		};
		A9C897DC1E6EB647000DE143 /* Products */ = {
			isa = PBXGroup;
			children = (
				A9C897DB1E6EB647000DE143 /* UMengDemo.app */,
			);
			name = Products;
			sourceTree = "<group>";
		};
		A9C897DD1E6EB647000DE143 /* UMengDemo */ = {
			isa = PBXGroup;
			children = (
				E5376F3E1EDE573900798DDA /* UMSwift3.0 */,
				1700DB011E9E14B300E9AF25 /* UMengDemo.entitlements */,
				838EA0D91E9F8FD6007CEC9E /* UMAnalyticsDemoUI */,
				17A193321E9E179A0020F491 /* UMessageDemoUI */,
				17F594CB1E9E12AC0022E78B /* UMSocialDemoUI */,
				E59607281E9DC02500C9813C /* UMComponents */,
				A9C897E11E6EB647000DE143 /* AppDelegate.h */,
				A9C897E21E6EB647000DE143 /* AppDelegate.m */,
				A9C897ED1E6EB647000DE143 /* Assets.xcassets */,
				A9C897EF1E6EB647000DE143 /* LaunchScreen.storyboard */,
				A9C897F21E6EB647000DE143 /* Info.plist */,
				A9C897DE1E6EB647000DE143 /* Supporting Files */,
			);
			path = UMengDemo;
			sourceTree = "<group>";
		};
		A9C897DE1E6EB647000DE143 /* Supporting Files */ = {
			isa = PBXGroup;
			children = (
				A9C897DF1E6EB647000DE143 /* main.m */,
				E54270181EDEBA4100A58E0B /* UMengDemo_PrefixHeader.pch */,
			);
			name = "Supporting Files";
			sourceTree = "<group>";
		};
		A9C897FC1E6EC02E000DE143 /* Frameworks */ = {
			isa = PBXGroup;
			children = (
				E5DCD9E01E9F7DBF00AE5E36 /* MessageUI.framework */,
				E5DCD9DE1E9F7DAD00AE5E36 /* CoreData.framework */,
				E5DCD9DC1E9F7D8D00AE5E36 /* ImageIO.framework */,
				E5DCD9DA1E9F7D4800AE5E36 /* QuartzCore.framework */,
				E5DCD9D81E9F7D3E00AE5E36 /* CoreGraphics.framework */,
				A99F94381E70F1750034FEF7 /* SystemConfiguration.framework */,
				A9C897FD1E6EC02F000DE143 /* CoreTelephony.framework */,
				17A1932B1E9E15900020F491 /* UserNotifications.framework */,
				A99F943E1E70F1A30034FEF7 /* libc++.tbd */,
				A99F943C1E70F18E0034FEF7 /* libstdc++.tbd */,
				A9C897FF1E6EC041000DE143 /* libsqlite3.tbd */,
				A9C898001E6EC041000DE143 /* libz.tbd */,
			);
			name = Frameworks;
			sourceTree = "<group>";
		};
		E5376F3E1EDE573900798DDA /* UMSwift3.0 */ = {
			isa = PBXGroup;
			children = (
				E5376F431EDE586D00798DDA /* UMengDemo-Bridging-Header.h */,
				E5376F441EDE5A0100798DDA /* UMShareSwiftInterface.swift */,
				E5376F481EDE5A4500798DDA /* UMAnalyticsSwiftInterface.swift */,
				E54270081EDEA12900A58E0B /* UMCommonSwiftInterface.swift */,
				E542700E1EDEA3B000A58E0B /* UMGameAnalyticsSwiftInterface.swift */,
				E54270101EDEA81C00A58E0B /* UMDplusMobClickSwiftInterface.swift */,
				E54270121EDEAC2500A58E0B /* UMessageSwiftInterface.swift */,
			);
			path = UMSwift3.0;
			sourceTree = "<group>";
		};
		E59607281E9DC02500C9813C /* UMComponents */ = {
			isa = PBXGroup;
			children = (
				6369E70D1EFCEF1000F99460 /* UMShare */,
				17F5CE401EA4C23000FF13AC /* UMPush.framework */,
				E596072A1E9DC02500C9813C /* UMAnalytics.framework */,
				E596072B1E9DC02500C9813C /* UMCommon.framework */,
			);
			path = UMComponents;
			sourceTree = "<group>";
		};
/* End PBXGroup section */

/* Begin PBXNativeTarget section */
		A9C897DA1E6EB647000DE143 /* UMengDemo */ = {
			isa = PBXNativeTarget;
			buildConfigurationList = A9C897F51E6EB647000DE143 /* Build configuration list for PBXNativeTarget "UMengDemo" */;
			buildPhases = (
				A9C897D71E6EB647000DE143 /* Sources */,
				A9C897D81E6EB647000DE143 /* Frameworks */,
				A9C897D91E6EB647000DE143 /* Resources */,
			);
			buildRules = (
			);
			dependencies = (
			);
			name = UMengDemo;
			productName = UMengDemo;
			productReference = A9C897DB1E6EB647000DE143 /* UMengDemo.app */;
			productType = "com.apple.product-type.application";
		};
/* End PBXNativeTarget section */

/* Begin PBXProject section */
		A9C897D31E6EB647000DE143 /* Project object */ = {
			isa = PBXProject;
			attributes = {
				LastUpgradeCheck = 0820;
				ORGANIZATIONNAME = UMeng;
				TargetAttributes = {
					A9C897DA1E6EB647000DE143 = {
						CreatedOnToolsVersion = 8.2.1;
						DevelopmentTeam = K7FM47A3M5;
						ProvisioningStyle = Manual;
						SystemCapabilities = {
							com.apple.Push = {
								enabled = 1;
							};
						};
					};
				};
			};
			buildConfigurationList = A9C897D61E6EB647000DE143 /* Build configuration list for PBXProject "UMengDemo" */;
			compatibilityVersion = "Xcode 3.2";
			developmentRegion = English;
			hasScannedForEncodings = 0;
			knownRegions = (
				en,
				Base,
			);
			mainGroup = A9C897D21E6EB647000DE143;
			productRefGroup = A9C897DC1E6EB647000DE143 /* Products */;
			projectDirPath = "";
			projectRoot = "";
			targets = (
				A9C897DA1E6EB647000DE143 /* UMengDemo */,
			);
		};
/* End PBXProject section */

/* Begin PBXResourcesBuildPhase section */
		A9C897D91E6EB647000DE143 /* Resources */ = {
			isa = PBXResourcesBuildPhase;
			buildActionMask = 2147483647;
			files = (
				17F594ED1E9E12AD0022E78B /* logo.png in Resources */,
				6369E7E01EFCEF1000F99460 /* VKSdkResources.bundle in Resources */,
				6369E7EA1EFCEF1000F99460 /* UMSocialSDKResources.bundle in Resources */,
				17F594E91E9E12AC0022E78B /* auth_icon@2x.png in Resources */,
				A9C897F11E6EB647000DE143 /* LaunchScreen.storyboard in Resources */,
				A9C897EE1E6EB647000DE143 /* Assets.xcassets in Resources */,
				17A1933A1E9E17F40020F491 /* UMessageViewController.xib in Resources */,
				17F594F11E9E12AD0022E78B /* userinfo_icon@2x.png in Resources */,
				17F594EA1E9E12AC0022E78B /* share_icon@2x.png in Resources */,
				17F594F21E9E12AD0022E78B /* versionstatus_icon@2x.png in Resources */,
				17F594EB1E9E12AC0022E78B /* icon.png in Resources */,
				17F594E81E9E12AC0022E78B /* access@2x.png in Resources */,
				17F594EF1E9E12AD0022E78B /* umengFile.txt in Resources */,
				17F594EC1E9E12AD0022E78B /* icon_circle.png in Resources */,
				17F594F01E9E12AD0022E78B /* update.txt in Resources */,
				17F594EE1E9E12AD0022E78B /* res6.gif in Resources */,
				6369E7ED1EFCEF7400F99460 /* TwitterKitResources.bundle in Resources */,
				6369E7E91EFCEF1000F99460 /* UMSocialSDKPromptResources.bundle in Resources */,
			);
			runOnlyForDeploymentPostprocessing = 0;
		};
/* End PBXResourcesBuildPhase section */

/* Begin PBXSourcesBuildPhase section */
		A9C897D71E6EB647000DE143 /* Sources */ = {
			isa = PBXSourcesBuildPhase;
			buildActionMask = 2147483647;
			files = (
				E54270091EDEA12900A58E0B /* UMCommonSwiftInterface.swift in Sources */,
				17F594F51E9E12AD0022E78B /* UMSBaseViewController.m in Sources */,
				17F594F81E9E12AD0022E78B /* UMSPlatformListViewController.m in Sources */,
				A9C897E31E6EB647000DE143 /* AppDelegate.m in Sources */,
				17F594F61E9E12AD0022E78B /* UMShareTypeViewController.m in Sources */,
				17F594F31E9E12AD0022E78B /* UMSocialSwiftInterface.swift in Sources */,
				E542700F1EDEA3B000A58E0B /* UMGameAnalyticsSwiftInterface.swift in Sources */,
				17F594F91E9E12AD0022E78B /* UMSRootViewController.m in Sources */,
				838EA0DC1E9F9024007CEC9E /* UMAnalyticsViewController.m in Sources */,
				838EA0DF1E9F9046007CEC9E /* UMAnalyticsDplusViewController.m in Sources */,
				A9C897E01E6EB647000DE143 /* main.m in Sources */,
				E54270111EDEA81C00A58E0B /* UMDplusMobClickSwiftInterface.swift in Sources */,
				E5376F451EDE5A0100798DDA /* UMShareSwiftInterface.swift in Sources */,
				17F594F71E9E12AD0022E78B /* UMShareViewController.m in Sources */,
				E54270131EDEAC2500A58E0B /* UMessageSwiftInterface.swift in Sources */,
				17F594F41E9E12AD0022E78B /* UMSAuthDetailViewController.m in Sources */,
				E5376F491EDE5A4500798DDA /* UMAnalyticsSwiftInterface.swift in Sources */,
				17A193391E9E17F40020F491 /* UMessageViewController.m in Sources */,
			);
			runOnlyForDeploymentPostprocessing = 0;
		};
/* End PBXSourcesBuildPhase section */

/* Begin PBXVariantGroup section */
		A9C897EF1E6EB647000DE143 /* LaunchScreen.storyboard */ = {
			isa = PBXVariantGroup;
			children = (
				A9C897F01E6EB647000DE143 /* Base */,
			);
			name = LaunchScreen.storyboard;
			sourceTree = "<group>";
		};
/* End PBXVariantGroup section */

/* Begin XCBuildConfiguration section */
		A9C897F31E6EB647000DE143 /* Debug */ = {
			isa = XCBuildConfiguration;
			buildSettings = {
				ALWAYS_SEARCH_USER_PATHS = NO;
				CLANG_ANALYZER_NONNULL = YES;
				CLANG_CXX_LANGUAGE_STANDARD = "gnu++0x";
				CLANG_CXX_LIBRARY = "libc++";
				CLANG_ENABLE_MODULES = YES;
				CLANG_ENABLE_OBJC_ARC = YES;
				CLANG_WARN_BOOL_CONVERSION = YES;
				CLANG_WARN_CONSTANT_CONVERSION = YES;
				CLANG_WARN_DIRECT_OBJC_ISA_USAGE = YES_ERROR;
				CLANG_WARN_DOCUMENTATION_COMMENTS = YES;
				CLANG_WARN_EMPTY_BODY = YES;
				CLANG_WARN_ENUM_CONVERSION = YES;
				CLANG_WARN_INFINITE_RECURSION = YES;
				CLANG_WARN_INT_CONVERSION = YES;
				CLANG_WARN_OBJC_ROOT_CLASS = YES_ERROR;
				CLANG_WARN_SUSPICIOUS_MOVE = YES;
				CLANG_WARN_UNREACHABLE_CODE = YES;
				CLANG_WARN__DUPLICATE_METHOD_MATCH = YES;
				"CODE_SIGN_IDENTITY[sdk=iphoneos*]" = "iPhone Developer";
				COPY_PHASE_STRIP = NO;
				DEBUG_INFORMATION_FORMAT = dwarf;
				ENABLE_STRICT_OBJC_MSGSEND = YES;
				ENABLE_TESTABILITY = YES;
				GCC_C_LANGUAGE_STANDARD = gnu99;
				GCC_DYNAMIC_NO_PIC = NO;
				GCC_NO_COMMON_BLOCKS = YES;
				GCC_OPTIMIZATION_LEVEL = 0;
				GCC_PREPROCESSOR_DEFINITIONS = (
					"DEBUG=1",
					"$(inherited)",
				);
				GCC_WARN_64_TO_32_BIT_CONVERSION = YES;
				GCC_WARN_ABOUT_RETURN_TYPE = YES_ERROR;
				GCC_WARN_UNDECLARED_SELECTOR = YES;
				GCC_WARN_UNINITIALIZED_AUTOS = YES_AGGRESSIVE;
				GCC_WARN_UNUSED_FUNCTION = YES;
				GCC_WARN_UNUSED_VARIABLE = YES;
				IPHONEOS_DEPLOYMENT_TARGET = 10.2;
				MTL_ENABLE_DEBUG_INFO = YES;
				ONLY_ACTIVE_ARCH = YES;
				SDKROOT = iphoneos;
				TARGETED_DEVICE_FAMILY = "1,2";
			};
			name = Debug;
		};
		A9C897F41E6EB647000DE143 /* Release */ = {
			isa = XCBuildConfiguration;
			buildSettings = {
				ALWAYS_SEARCH_USER_PATHS = NO;
				CLANG_ANALYZER_NONNULL = YES;
				CLANG_CXX_LANGUAGE_STANDARD = "gnu++0x";
				CLANG_CXX_LIBRARY = "libc++";
				CLANG_ENABLE_MODULES = YES;
				CLANG_ENABLE_OBJC_ARC = YES;
				CLANG_WARN_BOOL_CONVERSION = YES;
				CLANG_WARN_CONSTANT_CONVERSION = YES;
				CLANG_WARN_DIRECT_OBJC_ISA_USAGE = YES_ERROR;
				CLANG_WARN_DOCUMENTATION_COMMENTS = YES;
				CLANG_WARN_EMPTY_BODY = YES;
				CLANG_WARN_ENUM_CONVERSION = YES;
				CLANG_WARN_INFINITE_RECURSION = YES;
				CLANG_WARN_INT_CONVERSION = YES;
				CLANG_WARN_OBJC_ROOT_CLASS = YES_ERROR;
				CLANG_WARN_SUSPICIOUS_MOVE = YES;
				CLANG_WARN_UNREACHABLE_CODE = YES;
				CLANG_WARN__DUPLICATE_METHOD_MATCH = YES;
				"CODE_SIGN_IDENTITY[sdk=iphoneos*]" = "iPhone Developer";
				COPY_PHASE_STRIP = NO;
				DEBUG_INFORMATION_FORMAT = "dwarf-with-dsym";
				ENABLE_NS_ASSERTIONS = NO;
				ENABLE_STRICT_OBJC_MSGSEND = YES;
				GCC_C_LANGUAGE_STANDARD = gnu99;
				GCC_NO_COMMON_BLOCKS = YES;
				GCC_WARN_64_TO_32_BIT_CONVERSION = YES;
				GCC_WARN_ABOUT_RETURN_TYPE = YES_ERROR;
				GCC_WARN_UNDECLARED_SELECTOR = YES;
				GCC_WARN_UNINITIALIZED_AUTOS = YES_AGGRESSIVE;
				GCC_WARN_UNUSED_FUNCTION = YES;
				GCC_WARN_UNUSED_VARIABLE = YES;
				IPHONEOS_DEPLOYMENT_TARGET = 10.2;
				MTL_ENABLE_DEBUG_INFO = NO;
				SDKROOT = iphoneos;
				TARGETED_DEVICE_FAMILY = "1,2";
				VALIDATE_PRODUCT = YES;
			};
			name = Release;
		};
		A9C897F61E6EB647000DE143 /* Debug */ = {
			isa = XCBuildConfiguration;
			buildSettings = {
				ASSETCATALOG_COMPILER_APPICON_NAME = AppIcon;
				CODE_SIGN_ENTITLEMENTS = UMengDemo/UMengDemo.entitlements;
				DEVELOPMENT_TEAM = K7FM47A3M5;
				ENABLE_BITCODE = NO;
				FRAMEWORK_SEARCH_PATHS = (
					"$(inherited)",
					"$(PROJECT_DIR)/UMengDemo/UMComponents",
					"$(PROJECT_DIR)/UMengDemo/UMComponents/UMSocial/**",
					"$(PROJECT_DIR)/UMengDemo",
					"$(PROJECT_DIR)/UMengDemo/UMComponents/UMShare/SocialLibraries/DingDing",
					"$(PROJECT_DIR)/UMengDemo/UMComponents/UMShare/SocialLibraries/Facebook",
					"$(PROJECT_DIR)/UMengDemo/UMComponents/UMShare/SocialLibraries/Kakao",
					"$(PROJECT_DIR)/UMengDemo/UMComponents/UMShare/SocialLibraries/Linkedin",
					"$(PROJECT_DIR)/UMengDemo/UMComponents/UMShare/SocialLibraries/Twitter",
					"$(PROJECT_DIR)/UMengDemo/UMComponents/UMShare",
					"$(PROJECT_DIR)/UMengDemo/UMComponents/UMShare/UMSocialUI",
				);
				GCC_PREFIX_HEADER = "$(SRCROOT)/UMengDemo/UMengDemo_PrefixHeader.pch";
				GCC_PREPROCESSOR_DEFINITIONS = "$(inherited)";
				INFOPLIST_FILE = UMengDemo/Info.plist;
				IPHONEOS_DEPLOYMENT_TARGET = 8.0;
				LD_RUNPATH_SEARCH_PATHS = "$(inherited) @executable_path/Frameworks";
				LIBRARY_SEARCH_PATHS = (
					"$(inherited)",
					"$(PROJECT_DIR)/UMengDemo/UMComponents/UMSocial/**",
					"$(PROJECT_DIR)/UMengDemo/UMComponents/UMShare/SocialLibraries/AlipayShare",
					"$(PROJECT_DIR)/UMengDemo/UMComponents/UMShare/SocialLibraries/DingDing",
					"$(PROJECT_DIR)/UMengDemo/UMComponents/UMShare/SocialLibraries/Douban",
					"$(PROJECT_DIR)/UMengDemo/UMComponents/UMShare/SocialLibraries/DropBox",
					"$(PROJECT_DIR)/UMengDemo/UMComponents/UMShare/SocialLibraries/Email",
					"$(PROJECT_DIR)/UMengDemo/UMComponents/UMShare/SocialLibraries/EverNote",
					"$(PROJECT_DIR)/UMengDemo/UMComponents/UMShare/SocialLibraries/Facebook",
					"$(PROJECT_DIR)/UMengDemo/UMComponents/UMShare/SocialLibraries/Flickr",
					"$(PROJECT_DIR)/UMengDemo/UMComponents/UMShare/SocialLibraries/GooglePlus",
					"$(PROJECT_DIR)/UMengDemo/UMComponents/UMShare/SocialLibraries/Instagram",
					"$(PROJECT_DIR)/UMengDemo/UMComponents/UMShare/SocialLibraries/Kakao",
					"$(PROJECT_DIR)/UMengDemo/UMComponents/UMShare/SocialLibraries/LaiWang",
					"$(PROJECT_DIR)/UMengDemo/UMComponents/UMShare/SocialLibraries/Line",
					"$(PROJECT_DIR)/UMengDemo/UMComponents/UMShare/SocialLibraries/Linkedin",
					"$(PROJECT_DIR)/UMengDemo/UMComponents/UMShare/SocialLibraries/Pinterest",
					"$(PROJECT_DIR)/UMengDemo/UMComponents/UMShare/SocialLibraries/Pocket",
					"$(PROJECT_DIR)/UMengDemo/UMComponents/UMShare/SocialLibraries/QQ",
					"$(PROJECT_DIR)/UMengDemo/UMComponents/UMShare/SocialLibraries/Renren",
					"$(PROJECT_DIR)/UMengDemo/UMComponents/UMShare/SocialLibraries/Sina",
					"$(PROJECT_DIR)/UMengDemo/UMComponents/UMShare/SocialLibraries/SMS",
					"$(PROJECT_DIR)/UMengDemo/UMComponents/UMShare/SocialLibraries/TencentWeibo",
					"$(PROJECT_DIR)/UMengDemo/UMComponents/UMShare/SocialLibraries/Tumblr",
					"$(PROJECT_DIR)/UMengDemo/UMComponents/UMShare/SocialLibraries/Twitter",
					"$(PROJECT_DIR)/UMengDemo/UMComponents/UMShare/SocialLibraries/VKontakte",
					"$(PROJECT_DIR)/UMengDemo/UMComponents/UMShare/SocialLibraries/WeChat",
					"$(PROJECT_DIR)/UMengDemo/UMComponents/UMShare/SocialLibraries/WhatsApp",
					"$(PROJECT_DIR)/UMengDemo/UMComponents/UMShare/SocialLibraries/YiXin",
					"$(PROJECT_DIR)/UMengDemo/UMComponents/UMShare/SocialLibraries/YouDao",
					"$(PROJECT_DIR)/UMengDemo/UMComponents/UMShare/UMSocialSDKPlugin",
				);
				OTHER_LDFLAGS = "-ObjC";
				PRODUCT_BUNDLE_IDENTIFIER = com.Umeng.UMSocial;
				PRODUCT_NAME = "$(TARGET_NAME)";
				PROVISIONING_PROFILE = "6e0df010-942e-40f9-b52e-0a68ca6746c4";
				PROVISIONING_PROFILE_SPECIFIER = UMPush_component_dev;
				SWIFT_OBJC_BRIDGING_HEADER = "$(PROJECT_DIR)/UMengDemo/UMSwift3.0/UMengDemo-Bridging-Header.h";
				SWIFT_VERSION = 3.0;
			};
			name = Debug;
		};
		A9C897F71E6EB647000DE143 /* Release */ = {
			isa = XCBuildConfiguration;
			buildSettings = {
				ASSETCATALOG_COMPILER_APPICON_NAME = AppIcon;
				CODE_SIGN_ENTITLEMENTS = UMengDemo/UMengDemo.entitlements;
				DEVELOPMENT_TEAM = K7FM47A3M5;
				ENABLE_BITCODE = NO;
				FRAMEWORK_SEARCH_PATHS = (
					"$(inherited)",
					"$(PROJECT_DIR)/UMengDemo/UMComponents",
					"$(PROJECT_DIR)/UMengDemo/UMComponents/UMSocial/**",
					"$(PROJECT_DIR)/UMengDemo",
					"$(PROJECT_DIR)/UMengDemo/UMComponents/UMShare/SocialLibraries/DingDing",
					"$(PROJECT_DIR)/UMengDemo/UMComponents/UMShare/SocialLibraries/Facebook",
					"$(PROJECT_DIR)/UMengDemo/UMComponents/UMShare/SocialLibraries/Kakao",
					"$(PROJECT_DIR)/UMengDemo/UMComponents/UMShare/SocialLibraries/Linkedin",
					"$(PROJECT_DIR)/UMengDemo/UMComponents/UMShare/SocialLibraries/Twitter",
					"$(PROJECT_DIR)/UMengDemo/UMComponents/UMShare",
					"$(PROJECT_DIR)/UMengDemo/UMComponents/UMShare/UMSocialUI",
				);
				GCC_PREFIX_HEADER = "$(SRCROOT)/UMengDemo/UMengDemo_PrefixHeader.pch";
				INFOPLIST_FILE = UMengDemo/Info.plist;
				IPHONEOS_DEPLOYMENT_TARGET = 8.0;
				LD_RUNPATH_SEARCH_PATHS = "$(inherited) @executable_path/Frameworks";
				LIBRARY_SEARCH_PATHS = (
					"$(inherited)",
					"$(PROJECT_DIR)/UMengDemo/UMComponents/UMSocial/**",
					"$(PROJECT_DIR)/UMengDemo/UMComponents/UMShare/SocialLibraries/AlipayShare",
					"$(PROJECT_DIR)/UMengDemo/UMComponents/UMShare/SocialLibraries/DingDing",
					"$(PROJECT_DIR)/UMengDemo/UMComponents/UMShare/SocialLibraries/Douban",
					"$(PROJECT_DIR)/UMengDemo/UMComponents/UMShare/SocialLibraries/DropBox",
					"$(PROJECT_DIR)/UMengDemo/UMComponents/UMShare/SocialLibraries/Email",
					"$(PROJECT_DIR)/UMengDemo/UMComponents/UMShare/SocialLibraries/EverNote",
					"$(PROJECT_DIR)/UMengDemo/UMComponents/UMShare/SocialLibraries/Facebook",
					"$(PROJECT_DIR)/UMengDemo/UMComponents/UMShare/SocialLibraries/Flickr",
					"$(PROJECT_DIR)/UMengDemo/UMComponents/UMShare/SocialLibraries/GooglePlus",
					"$(PROJECT_DIR)/UMengDemo/UMComponents/UMShare/SocialLibraries/Instagram",
					"$(PROJECT_DIR)/UMengDemo/UMComponents/UMShare/SocialLibraries/Kakao",
					"$(PROJECT_DIR)/UMengDemo/UMComponents/UMShare/SocialLibraries/LaiWang",
					"$(PROJECT_DIR)/UMengDemo/UMComponents/UMShare/SocialLibraries/Line",
					"$(PROJECT_DIR)/UMengDemo/UMComponents/UMShare/SocialLibraries/Linkedin",
					"$(PROJECT_DIR)/UMengDemo/UMComponents/UMShare/SocialLibraries/Pinterest",
					"$(PROJECT_DIR)/UMengDemo/UMComponents/UMShare/SocialLibraries/Pocket",
					"$(PROJECT_DIR)/UMengDemo/UMComponents/UMShare/SocialLibraries/QQ",
					"$(PROJECT_DIR)/UMengDemo/UMComponents/UMShare/SocialLibraries/Renren",
					"$(PROJECT_DIR)/UMengDemo/UMComponents/UMShare/SocialLibraries/Sina",
					"$(PROJECT_DIR)/UMengDemo/UMComponents/UMShare/SocialLibraries/SMS",
					"$(PROJECT_DIR)/UMengDemo/UMComponents/UMShare/SocialLibraries/TencentWeibo",
					"$(PROJECT_DIR)/UMengDemo/UMComponents/UMShare/SocialLibraries/Tumblr",
					"$(PROJECT_DIR)/UMengDemo/UMComponents/UMShare/SocialLibraries/Twitter",
					"$(PROJECT_DIR)/UMengDemo/UMComponents/UMShare/SocialLibraries/VKontakte",
					"$(PROJECT_DIR)/UMengDemo/UMComponents/UMShare/SocialLibraries/WeChat",
					"$(PROJECT_DIR)/UMengDemo/UMComponents/UMShare/SocialLibraries/WhatsApp",
					"$(PROJECT_DIR)/UMengDemo/UMComponents/UMShare/SocialLibraries/YiXin",
					"$(PROJECT_DIR)/UMengDemo/UMComponents/UMShare/SocialLibraries/YouDao",
					"$(PROJECT_DIR)/UMengDemo/UMComponents/UMShare/UMSocialSDKPlugin",
				);
				OTHER_LDFLAGS = "-ObjC";
				PRODUCT_BUNDLE_IDENTIFIER = com.Umeng.UMSocial;
				PRODUCT_NAME = "$(TARGET_NAME)";
				PROVISIONING_PROFILE = "6e0df010-942e-40f9-b52e-0a68ca6746c4";
				PROVISIONING_PROFILE_SPECIFIER = UMPush_component_dev;
				SWIFT_OBJC_BRIDGING_HEADER = "$(PROJECT_DIR)/UMengDemo/UMSwift3.0/UMengDemo-Bridging-Header.h";
				SWIFT_VERSION = 3.0;
			};
			name = Release;
		};
/* End XCBuildConfiguration section */

/* Begin XCConfigurationList section */
		A9C897D61E6EB647000DE143 /* Build configuration list for PBXProject "UMengDemo" */ = {
			isa = XCConfigurationList;
			buildConfigurations = (
				A9C897F31E6EB647000DE143 /* Debug */,
				A9C897F41E6EB647000DE143 /* Release */,
			);
			defaultConfigurationIsVisible = 0;
			defaultConfigurationName = Release;
		};
		A9C897F51E6EB647000DE143 /* Build configuration list for PBXNativeTarget "UMengDemo" */ = {
			isa = XCConfigurationList;
			buildConfigurations = (
				A9C897F61E6EB647000DE143 /* Debug */,
				A9C897F71E6EB647000DE143 /* Release */,
			);
			defaultConfigurationIsVisible = 0;
			defaultConfigurationName = Release;
		};
/* End XCConfigurationList section */
	};
	rootObject = A9C897D31E6EB647000DE143 /* Project object */;
}
